// !$*UTF8*$!
{
	archiveVersion = 1;
	classes = {
	};
	objectVersion = 52;
	objects = {

/* Begin PBXBuildFile section */
		7103BA9124F7172100A352CD /* UrlProtocolStub.swift in Sources */ = {isa = PBXBuildFile; fileRef = 7103BA9024F7172100A352CD /* UrlProtocolStub.swift */; };
		7103BA9924F7225C00A352CD /* AddAccountIntegrationsTests.swift in Sources */ = {isa = PBXBuildFile; fileRef = 7103BA9824F7225C00A352CD /* AddAccountIntegrationsTests.swift */; };
		7103BA9B24F7225C00A352CD /* Data.framework in Frameworks */ = {isa = PBXBuildFile; fileRef = 714B507324E80151003C9C47 /* Data.framework */; };
		7103BAB324F7C53900A352CD /* Presentation.framework in Frameworks */ = {isa = PBXBuildFile; fileRef = 7103BAAA24F7C53900A352CD /* Presentation.framework */; };
		7103BAB824F7C53900A352CD /* SignupPresentationTests.swift in Sources */ = {isa = PBXBuildFile; fileRef = 7103BAB724F7C53900A352CD /* SignupPresentationTests.swift */; };
		714B506B24E7FE22003C9C47 /* AddAccount.swift in Sources */ = {isa = PBXBuildFile; fileRef = 714B506A24E7FE22003C9C47 /* AddAccount.swift */; };
		714B506D24E800CC003C9C47 /* AccountModel.swift in Sources */ = {isa = PBXBuildFile; fileRef = 714B506C24E800CC003C9C47 /* AccountModel.swift */; };
		714B507C24E80151003C9C47 /* Data.framework in Frameworks */ = {isa = PBXBuildFile; fileRef = 714B507324E80151003C9C47 /* Data.framework */; };
		714B508124E80151003C9C47 /* RemoteAddAccountTests.swift in Sources */ = {isa = PBXBuildFile; fileRef = 714B508024E80151003C9C47 /* RemoteAddAccountTests.swift */; };
		714B508B24E80192003C9C47 /* Domain.framework in Frameworks */ = {isa = PBXBuildFile; fileRef = 714B506224E7F59F003C9C47 /* Domain.framework */; };
		714B508C24E80192003C9C47 /* Domain.framework in Embed Frameworks */ = {isa = PBXBuildFile; fileRef = 714B506224E7F59F003C9C47 /* Domain.framework */; settings = {ATTRIBUTES = (CodeSignOnCopy, RemoveHeadersOnCopy, ); }; };
		714B509124E815B1003C9C47 /* Model.swift in Sources */ = {isa = PBXBuildFile; fileRef = 714B509024E815B1003C9C47 /* Model.swift */; };
		714B509324E81650003C9C47 /* RemoteAddAccount.swift in Sources */ = {isa = PBXBuildFile; fileRef = 714B509224E81650003C9C47 /* RemoteAddAccount.swift */; };
		714B509524E81688003C9C47 /* HttpPostClient.swift in Sources */ = {isa = PBXBuildFile; fileRef = 714B509424E81688003C9C47 /* HttpPostClient.swift */; };
		714B509924E817A9003C9C47 /* AddAccountModel.swift in Sources */ = {isa = PBXBuildFile; fileRef = 714B509824E817A9003C9C47 /* AddAccountModel.swift */; };
		714B509F24E8432A003C9C47 /* DomainError.swift in Sources */ = {isa = PBXBuildFile; fileRef = 714B509E24E8432A003C9C47 /* DomainError.swift */; };
		714B50A124E84742003C9C47 /* HttpError.swift in Sources */ = {isa = PBXBuildFile; fileRef = 714B50A024E84742003C9C47 /* HttpError.swift */; };
		7170E0AE24FFBCC9008CBC8E /* SignUpViewModel.swift in Sources */ = {isa = PBXBuildFile; fileRef = 7170E0AB24FFBC19008CBC8E /* SignUpViewModel.swift */; };
		7170E0B024FFBCFE008CBC8E /* SignUpMapper.swift in Sources */ = {isa = PBXBuildFile; fileRef = 7170E0AF24FFBCFE008CBC8E /* SignUpMapper.swift */; };
		7170E0B524FFC01C008CBC8E /* AlertViewSpy.swift in Sources */ = {isa = PBXBuildFile; fileRef = 7170E0B424FFC01C008CBC8E /* AlertViewSpy.swift */; };
		7170E0B824FFC06D008CBC8E /* EmailValidatorSpy.swift in Sources */ = {isa = PBXBuildFile; fileRef = 7170E0B724FFC06D008CBC8E /* EmailValidatorSpy.swift */; };
		7170E0BB24FFC0D3008CBC8E /* AddAccountSpy.swift in Sources */ = {isa = PBXBuildFile; fileRef = 7170E0BA24FFC0D3008CBC8E /* AddAccountSpy.swift */; };
		7170E0BD24FFC129008CBC8E /* LoadingViewSpy.swift in Sources */ = {isa = PBXBuildFile; fileRef = 7170E0BC24FFC129008CBC8E /* LoadingViewSpy.swift */; };
		7170E0C024FFC182008CBC8E /* TestFactories.swift in Sources */ = {isa = PBXBuildFile; fileRef = 7170E0BF24FFC182008CBC8E /* TestFactories.swift */; };
		7184DAA824EC7F1200A012AE /* TestsExtensions.swift in Sources */ = {isa = PBXBuildFile; fileRef = 719ED86C24EB472200BC8318 /* TestsExtensions.swift */; };
		719ED86D24EB472200BC8318 /* TestsExtensions.swift in Sources */ = {isa = PBXBuildFile; fileRef = 719ED86C24EB472200BC8318 /* TestsExtensions.swift */; };
		719ED86F24EB479900BC8318 /* TestsFactories.swift in Sources */ = {isa = PBXBuildFile; fileRef = 719ED86E24EB479900BC8318 /* TestsFactories.swift */; };
		719ED87224EB482400BC8318 /* HttpClientSpy.swift in Sources */ = {isa = PBXBuildFile; fileRef = 719ED87124EB482400BC8318 /* HttpClientSpy.swift */; };
		719ED87524EB490800BC8318 /* AccountModelFactory.swift in Sources */ = {isa = PBXBuildFile; fileRef = 719ED87324EB487700BC8318 /* AccountModelFactory.swift */; };
		719ED88424EBDF9000BC8318 /* Infra.framework in Frameworks */ = {isa = PBXBuildFile; fileRef = 719ED87B24EBDF9000BC8318 /* Infra.framework */; };
		719ED88924EBDF9000BC8318 /* AlamofireAdapterTests.swift in Sources */ = {isa = PBXBuildFile; fileRef = 719ED88824EBDF9000BC8318 /* AlamofireAdapterTests.swift */; };
		719ED89224EBE1A500BC8318 /* Data.framework in Frameworks */ = {isa = PBXBuildFile; fileRef = 714B507324E80151003C9C47 /* Data.framework */; };
		719ED89324EBE1A500BC8318 /* Data.framework in Embed Frameworks */ = {isa = PBXBuildFile; fileRef = 714B507324E80151003C9C47 /* Data.framework */; settings = {ATTRIBUTES = (CodeSignOnCopy, RemoveHeadersOnCopy, ); }; };
		719ED89724EBE1E700BC8318 /* TestsFactories.swift in Sources */ = {isa = PBXBuildFile; fileRef = 719ED86E24EB479900BC8318 /* TestsFactories.swift */; };
		719ED89A24EBE29C00BC8318 /* Alamofire in Frameworks */ = {isa = PBXBuildFile; productRef = 719ED89924EBE29C00BC8318 /* Alamofire */; };
		719ED89C24EBE60D00BC8318 /* AlamofireAdapter.swift in Sources */ = {isa = PBXBuildFile; fileRef = 719ED89B24EBE60D00BC8318 /* AlamofireAdapter.swift */; };
		71D324BC24F85F0A001C4602 /* SignUpPresenter.swift in Sources */ = {isa = PBXBuildFile; fileRef = 71D324BB24F85F0A001C4602 /* SignUpPresenter.swift */; };
		71D324C124F85FE7001C4602 /* AlertView.swift in Sources */ = {isa = PBXBuildFile; fileRef = 71D324C024F85FE7001C4602 /* AlertView.swift */; };
		71D324C624F863F2001C4602 /* EmailValidator.swift in Sources */ = {isa = PBXBuildFile; fileRef = 71D324C524F863F2001C4602 /* EmailValidator.swift */; };
		71D324C724F9AC9C001C4602 /* AccountModelFactory.swift in Sources */ = {isa = PBXBuildFile; fileRef = 719ED87324EB487700BC8318 /* AccountModelFactory.swift */; };
		71D324C824F9BB78001C4602 /* TestsExtensions.swift in Sources */ = {isa = PBXBuildFile; fileRef = 719ED86C24EB472200BC8318 /* TestsExtensions.swift */; };
		71D324CA24F9BF91001C4602 /* LoadingView.swift in Sources */ = {isa = PBXBuildFile; fileRef = 71D324C924F9BF91001C4602 /* LoadingView.swift */; };
		71DA613325005B4A009CBB9E /* iOSUi.framework in Frameworks */ = {isa = PBXBuildFile; fileRef = 71DA612A25005B49009CBB9E /* iOSUi.framework */; };
		71DA614125005BD7009CBB9E /* Presentation.framework in Frameworks */ = {isa = PBXBuildFile; fileRef = 7103BAAA24F7C53900A352CD /* Presentation.framework */; };
		71DA614225005BD7009CBB9E /* Presentation.framework in Embed Frameworks */ = {isa = PBXBuildFile; fileRef = 7103BAAA24F7C53900A352CD /* Presentation.framework */; settings = {ATTRIBUTES = (CodeSignOnCopy, RemoveHeadersOnCopy, ); }; };
		71DA614725005C3A009CBB9E /* SignUpViewControllerTests.swift in Sources */ = {isa = PBXBuildFile; fileRef = 71DA614625005C3A009CBB9E /* SignUpViewControllerTests.swift */; };
		71DA614925005D0D009CBB9E /* SignUpViewController.swift in Sources */ = {isa = PBXBuildFile; fileRef = 71DA614825005D0D009CBB9E /* SignUpViewController.swift */; };
		71DA614B25005D7B009CBB9E /* SignUp.storyboard in Resources */ = {isa = PBXBuildFile; fileRef = 71DA614A25005D7B009CBB9E /* SignUp.storyboard */; };
		71F0052524EA78E3001E615F /* ExtensionsConverters.swift in Sources */ = {isa = PBXBuildFile; fileRef = 71F0052424EA78E3001E615F /* ExtensionsConverters.swift */; };
/* End PBXBuildFile section */

/* Begin PBXContainerItemProxy section */
		7103BA9C24F7225C00A352CD /* PBXContainerItemProxy */ = {
			isa = PBXContainerItemProxy;
			containerPortal = 714B504924E7F18B003C9C47 /* Project object */;
			proxyType = 1;
			remoteGlobalIDString = 714B507224E80151003C9C47;
			remoteInfo = Data;
		};
		7103BAA124F7228200A352CD /* PBXContainerItemProxy */ = {
			isa = PBXContainerItemProxy;
			containerPortal = 714B504924E7F18B003C9C47 /* Project object */;
			proxyType = 1;
			remoteGlobalIDString = 714B506124E7F59F003C9C47;
			remoteInfo = Domain;
		};
		7103BAA324F7228200A352CD /* PBXContainerItemProxy */ = {
			isa = PBXContainerItemProxy;
			containerPortal = 714B504924E7F18B003C9C47 /* Project object */;
			proxyType = 1;
			remoteGlobalIDString = 719ED87A24EBDF9000BC8318;
			remoteInfo = Infra;
		};
		7103BAB424F7C53900A352CD /* PBXContainerItemProxy */ = {
			isa = PBXContainerItemProxy;
			containerPortal = 714B504924E7F18B003C9C47 /* Project object */;
			proxyType = 1;
			remoteGlobalIDString = 7103BAA924F7C53900A352CD;
			remoteInfo = Presentation;
		};
		714B507D24E80151003C9C47 /* PBXContainerItemProxy */ = {
			isa = PBXContainerItemProxy;
			containerPortal = 714B504924E7F18B003C9C47 /* Project object */;
			proxyType = 1;
			remoteGlobalIDString = 714B507224E80151003C9C47;
			remoteInfo = Data;
		};
		714B508D24E80192003C9C47 /* PBXContainerItemProxy */ = {
			isa = PBXContainerItemProxy;
			containerPortal = 714B504924E7F18B003C9C47 /* Project object */;
			proxyType = 1;
			remoteGlobalIDString = 714B506124E7F59F003C9C47;
			remoteInfo = Domain;
		};
		719ED88524EBDF9000BC8318 /* PBXContainerItemProxy */ = {
			isa = PBXContainerItemProxy;
			containerPortal = 714B504924E7F18B003C9C47 /* Project object */;
			proxyType = 1;
			remoteGlobalIDString = 719ED87A24EBDF9000BC8318;
			remoteInfo = Infra;
		};
		719ED89424EBE1A500BC8318 /* PBXContainerItemProxy */ = {
			isa = PBXContainerItemProxy;
			containerPortal = 714B504924E7F18B003C9C47 /* Project object */;
			proxyType = 1;
			remoteGlobalIDString = 714B507224E80151003C9C47;
			remoteInfo = Data;
		};
		71D324BD24F85F55001C4602 /* PBXContainerItemProxy */ = {
			isa = PBXContainerItemProxy;
			containerPortal = 714B504924E7F18B003C9C47 /* Project object */;
			proxyType = 1;
			remoteGlobalIDString = 714B506124E7F59F003C9C47;
			remoteInfo = Domain;
		};
		71DA613425005B4A009CBB9E /* PBXContainerItemProxy */ = {
			isa = PBXContainerItemProxy;
			containerPortal = 714B504924E7F18B003C9C47 /* Project object */;
			proxyType = 1;
			remoteGlobalIDString = 71DA612925005B49009CBB9E;
			remoteInfo = iOSUi;
		};
		71DA614325005BD7009CBB9E /* PBXContainerItemProxy */ = {
			isa = PBXContainerItemProxy;
			containerPortal = 714B504924E7F18B003C9C47 /* Project object */;
			proxyType = 1;
			remoteGlobalIDString = 7103BAA924F7C53900A352CD;
			remoteInfo = Presentation;
		};
/* End PBXContainerItemProxy section */

/* Begin PBXCopyFilesBuildPhase section */
		714B508F24E80193003C9C47 /* Embed Frameworks */ = {
			isa = PBXCopyFilesBuildPhase;
			buildActionMask = 2147483647;
			dstPath = "";
			dstSubfolderSpec = 10;
			files = (
				714B508C24E80192003C9C47 /* Domain.framework in Embed Frameworks */,
			);
			name = "Embed Frameworks";
			runOnlyForDeploymentPostprocessing = 0;
		};
		719ED89624EBE1A500BC8318 /* Embed Frameworks */ = {
			isa = PBXCopyFilesBuildPhase;
			buildActionMask = 2147483647;
			dstPath = "";
			dstSubfolderSpec = 10;
			files = (
				719ED89324EBE1A500BC8318 /* Data.framework in Embed Frameworks */,
			);
			name = "Embed Frameworks";
			runOnlyForDeploymentPostprocessing = 0;
		};
		71DA614525005BD7009CBB9E /* Embed Frameworks */ = {
			isa = PBXCopyFilesBuildPhase;
			buildActionMask = 2147483647;
			dstPath = "";
			dstSubfolderSpec = 10;
			files = (
				71DA614225005BD7009CBB9E /* Presentation.framework in Embed Frameworks */,
			);
			name = "Embed Frameworks";
			runOnlyForDeploymentPostprocessing = 0;
		};
/* End PBXCopyFilesBuildPhase section */

/* Begin PBXFileReference section */
		7103BA9024F7172100A352CD /* UrlProtocolStub.swift */ = {isa = PBXFileReference; lastKnownFileType = sourcecode.swift; path = UrlProtocolStub.swift; sourceTree = "<group>"; };
		7103BA9624F7225C00A352CD /* UseCasesIntegrationsTests.xctest */ = {isa = PBXFileReference; explicitFileType = wrapper.cfbundle; includeInIndex = 0; path = UseCasesIntegrationsTests.xctest; sourceTree = BUILT_PRODUCTS_DIR; };
		7103BA9824F7225C00A352CD /* AddAccountIntegrationsTests.swift */ = {isa = PBXFileReference; lastKnownFileType = sourcecode.swift; path = AddAccountIntegrationsTests.swift; sourceTree = "<group>"; };
		7103BA9A24F7225C00A352CD /* Info.plist */ = {isa = PBXFileReference; lastKnownFileType = text.plist.xml; path = Info.plist; sourceTree = "<group>"; };
		7103BAAA24F7C53900A352CD /* Presentation.framework */ = {isa = PBXFileReference; explicitFileType = wrapper.framework; includeInIndex = 0; path = Presentation.framework; sourceTree = BUILT_PRODUCTS_DIR; };
		7103BAAD24F7C53900A352CD /* Info.plist */ = {isa = PBXFileReference; lastKnownFileType = text.plist.xml; path = Info.plist; sourceTree = "<group>"; };
		7103BAB224F7C53900A352CD /* PresentationTests.xctest */ = {isa = PBXFileReference; explicitFileType = wrapper.cfbundle; includeInIndex = 0; path = PresentationTests.xctest; sourceTree = BUILT_PRODUCTS_DIR; };
		7103BAB724F7C53900A352CD /* SignupPresentationTests.swift */ = {isa = PBXFileReference; lastKnownFileType = sourcecode.swift; path = SignupPresentationTests.swift; sourceTree = "<group>"; };
		7103BAB924F7C53900A352CD /* Info.plist */ = {isa = PBXFileReference; lastKnownFileType = text.plist.xml; path = Info.plist; sourceTree = "<group>"; };
		714B506224E7F59F003C9C47 /* Domain.framework */ = {isa = PBXFileReference; explicitFileType = wrapper.framework; includeInIndex = 0; path = Domain.framework; sourceTree = BUILT_PRODUCTS_DIR; };
		714B506524E7F59F003C9C47 /* Info.plist */ = {isa = PBXFileReference; lastKnownFileType = text.plist.xml; path = Info.plist; sourceTree = "<group>"; };
		714B506A24E7FE22003C9C47 /* AddAccount.swift */ = {isa = PBXFileReference; lastKnownFileType = sourcecode.swift; path = AddAccount.swift; sourceTree = "<group>"; };
		714B506C24E800CC003C9C47 /* AccountModel.swift */ = {isa = PBXFileReference; lastKnownFileType = sourcecode.swift; path = AccountModel.swift; sourceTree = "<group>"; };
		714B507324E80151003C9C47 /* Data.framework */ = {isa = PBXFileReference; explicitFileType = wrapper.framework; includeInIndex = 0; path = Data.framework; sourceTree = BUILT_PRODUCTS_DIR; };
		714B507624E80151003C9C47 /* Info.plist */ = {isa = PBXFileReference; lastKnownFileType = text.plist.xml; path = Info.plist; sourceTree = "<group>"; };
		714B507B24E80151003C9C47 /* DataTests.xctest */ = {isa = PBXFileReference; explicitFileType = wrapper.cfbundle; includeInIndex = 0; path = DataTests.xctest; sourceTree = BUILT_PRODUCTS_DIR; };
		714B508024E80151003C9C47 /* RemoteAddAccountTests.swift */ = {isa = PBXFileReference; lastKnownFileType = sourcecode.swift; path = RemoteAddAccountTests.swift; sourceTree = "<group>"; };
		714B508224E80151003C9C47 /* Info.plist */ = {isa = PBXFileReference; lastKnownFileType = text.plist.xml; path = Info.plist; sourceTree = "<group>"; };
		714B509024E815B1003C9C47 /* Model.swift */ = {isa = PBXFileReference; lastKnownFileType = sourcecode.swift; path = Model.swift; sourceTree = "<group>"; };
		714B509224E81650003C9C47 /* RemoteAddAccount.swift */ = {isa = PBXFileReference; lastKnownFileType = sourcecode.swift; path = RemoteAddAccount.swift; sourceTree = "<group>"; };
		714B509424E81688003C9C47 /* HttpPostClient.swift */ = {isa = PBXFileReference; lastKnownFileType = sourcecode.swift; path = HttpPostClient.swift; sourceTree = "<group>"; };
		714B509824E817A9003C9C47 /* AddAccountModel.swift */ = {isa = PBXFileReference; lastKnownFileType = sourcecode.swift; path = AddAccountModel.swift; sourceTree = "<group>"; };
		714B509E24E8432A003C9C47 /* DomainError.swift */ = {isa = PBXFileReference; lastKnownFileType = sourcecode.swift; path = DomainError.swift; sourceTree = "<group>"; };
		714B50A024E84742003C9C47 /* HttpError.swift */ = {isa = PBXFileReference; lastKnownFileType = sourcecode.swift; path = HttpError.swift; sourceTree = "<group>"; };
		7170E0AB24FFBC19008CBC8E /* SignUpViewModel.swift */ = {isa = PBXFileReference; lastKnownFileType = sourcecode.swift; path = SignUpViewModel.swift; sourceTree = "<group>"; };
		7170E0AF24FFBCFE008CBC8E /* SignUpMapper.swift */ = {isa = PBXFileReference; lastKnownFileType = sourcecode.swift; path = SignUpMapper.swift; sourceTree = "<group>"; };
		7170E0B424FFC01C008CBC8E /* AlertViewSpy.swift */ = {isa = PBXFileReference; lastKnownFileType = sourcecode.swift; path = AlertViewSpy.swift; sourceTree = "<group>"; };
		7170E0B724FFC06D008CBC8E /* EmailValidatorSpy.swift */ = {isa = PBXFileReference; lastKnownFileType = sourcecode.swift; path = EmailValidatorSpy.swift; sourceTree = "<group>"; };
		7170E0BA24FFC0D3008CBC8E /* AddAccountSpy.swift */ = {isa = PBXFileReference; lastKnownFileType = sourcecode.swift; path = AddAccountSpy.swift; sourceTree = "<group>"; };
		7170E0BC24FFC129008CBC8E /* LoadingViewSpy.swift */ = {isa = PBXFileReference; lastKnownFileType = sourcecode.swift; path = LoadingViewSpy.swift; sourceTree = "<group>"; };
		7170E0BF24FFC182008CBC8E /* TestFactories.swift */ = {isa = PBXFileReference; lastKnownFileType = sourcecode.swift; path = TestFactories.swift; sourceTree = "<group>"; };
		719ED86C24EB472200BC8318 /* TestsExtensions.swift */ = {isa = PBXFileReference; lastKnownFileType = sourcecode.swift; path = TestsExtensions.swift; sourceTree = "<group>"; };
		719ED86E24EB479900BC8318 /* TestsFactories.swift */ = {isa = PBXFileReference; lastKnownFileType = sourcecode.swift; path = TestsFactories.swift; sourceTree = "<group>"; };
		719ED87124EB482400BC8318 /* HttpClientSpy.swift */ = {isa = PBXFileReference; lastKnownFileType = sourcecode.swift; path = HttpClientSpy.swift; sourceTree = "<group>"; };
		719ED87324EB487700BC8318 /* AccountModelFactory.swift */ = {isa = PBXFileReference; lastKnownFileType = sourcecode.swift; path = AccountModelFactory.swift; sourceTree = "<group>"; };
		719ED87B24EBDF9000BC8318 /* Infra.framework */ = {isa = PBXFileReference; explicitFileType = wrapper.framework; includeInIndex = 0; path = Infra.framework; sourceTree = BUILT_PRODUCTS_DIR; };
		719ED87E24EBDF9000BC8318 /* Info.plist */ = {isa = PBXFileReference; lastKnownFileType = text.plist.xml; path = Info.plist; sourceTree = "<group>"; };
		719ED88324EBDF9000BC8318 /* InfraTests.xctest */ = {isa = PBXFileReference; explicitFileType = wrapper.cfbundle; includeInIndex = 0; path = InfraTests.xctest; sourceTree = BUILT_PRODUCTS_DIR; };
		719ED88824EBDF9000BC8318 /* AlamofireAdapterTests.swift */ = {isa = PBXFileReference; lastKnownFileType = sourcecode.swift; path = AlamofireAdapterTests.swift; sourceTree = "<group>"; };
		719ED88A24EBDF9000BC8318 /* Info.plist */ = {isa = PBXFileReference; lastKnownFileType = text.plist.xml; path = Info.plist; sourceTree = "<group>"; };
		719ED89B24EBE60D00BC8318 /* AlamofireAdapter.swift */ = {isa = PBXFileReference; lastKnownFileType = sourcecode.swift; path = AlamofireAdapter.swift; sourceTree = "<group>"; };
		71D324BB24F85F0A001C4602 /* SignUpPresenter.swift */ = {isa = PBXFileReference; lastKnownFileType = sourcecode.swift; path = SignUpPresenter.swift; sourceTree = "<group>"; };
		71D324C024F85FE7001C4602 /* AlertView.swift */ = {isa = PBXFileReference; lastKnownFileType = sourcecode.swift; path = AlertView.swift; sourceTree = "<group>"; };
		71D324C524F863F2001C4602 /* EmailValidator.swift */ = {isa = PBXFileReference; lastKnownFileType = sourcecode.swift; path = EmailValidator.swift; sourceTree = "<group>"; };
		71D324C924F9BF91001C4602 /* LoadingView.swift */ = {isa = PBXFileReference; lastKnownFileType = sourcecode.swift; path = LoadingView.swift; sourceTree = "<group>"; };
		71DA612A25005B49009CBB9E /* iOSUi.framework */ = {isa = PBXFileReference; explicitFileType = wrapper.framework; includeInIndex = 0; path = iOSUi.framework; sourceTree = BUILT_PRODUCTS_DIR; };
		71DA612D25005B49009CBB9E /* Info.plist */ = {isa = PBXFileReference; lastKnownFileType = text.plist.xml; path = Info.plist; sourceTree = "<group>"; };
		71DA613225005B49009CBB9E /* iOSUiTests.xctest */ = {isa = PBXFileReference; explicitFileType = wrapper.cfbundle; includeInIndex = 0; path = iOSUiTests.xctest; sourceTree = BUILT_PRODUCTS_DIR; };
		71DA613925005B4A009CBB9E /* Info.plist */ = {isa = PBXFileReference; lastKnownFileType = text.plist.xml; path = Info.plist; sourceTree = "<group>"; };
		71DA614625005C3A009CBB9E /* SignUpViewControllerTests.swift */ = {isa = PBXFileReference; lastKnownFileType = sourcecode.swift; path = SignUpViewControllerTests.swift; sourceTree = "<group>"; };
		71DA614825005D0D009CBB9E /* SignUpViewController.swift */ = {isa = PBXFileReference; lastKnownFileType = sourcecode.swift; path = SignUpViewController.swift; sourceTree = "<group>"; };
		71DA614A25005D7B009CBB9E /* SignUp.storyboard */ = {isa = PBXFileReference; lastKnownFileType = file.storyboard; path = SignUp.storyboard; sourceTree = "<group>"; };
		71F0052424EA78E3001E615F /* ExtensionsConverters.swift */ = {isa = PBXFileReference; lastKnownFileType = sourcecode.swift; path = ExtensionsConverters.swift; sourceTree = "<group>"; };
/* End PBXFileReference section */

/* Begin PBXFrameworksBuildPhase section */
		7103BA9324F7225C00A352CD /* Frameworks */ = {
			isa = PBXFrameworksBuildPhase;
			buildActionMask = 2147483647;
			files = (
				7103BA9B24F7225C00A352CD /* Data.framework in Frameworks */,
			);
			runOnlyForDeploymentPostprocessing = 0;
		};
		7103BAA724F7C53900A352CD /* Frameworks */ = {
			isa = PBXFrameworksBuildPhase;
			buildActionMask = 2147483647;
			files = (
			);
			runOnlyForDeploymentPostprocessing = 0;
		};
		7103BAAF24F7C53900A352CD /* Frameworks */ = {
			isa = PBXFrameworksBuildPhase;
			buildActionMask = 2147483647;
			files = (
				7103BAB324F7C53900A352CD /* Presentation.framework in Frameworks */,
			);
			runOnlyForDeploymentPostprocessing = 0;
		};
		714B505F24E7F59F003C9C47 /* Frameworks */ = {
			isa = PBXFrameworksBuildPhase;
			buildActionMask = 2147483647;
			files = (
			);
			runOnlyForDeploymentPostprocessing = 0;
		};
		714B507024E80151003C9C47 /* Frameworks */ = {
			isa = PBXFrameworksBuildPhase;
			buildActionMask = 2147483647;
			files = (
				714B508B24E80192003C9C47 /* Domain.framework in Frameworks */,
			);
			runOnlyForDeploymentPostprocessing = 0;
		};
		714B507824E80151003C9C47 /* Frameworks */ = {
			isa = PBXFrameworksBuildPhase;
			buildActionMask = 2147483647;
			files = (
				714B507C24E80151003C9C47 /* Data.framework in Frameworks */,
			);
			runOnlyForDeploymentPostprocessing = 0;
		};
		719ED87824EBDF9000BC8318 /* Frameworks */ = {
			isa = PBXFrameworksBuildPhase;
			buildActionMask = 2147483647;
			files = (
				719ED89224EBE1A500BC8318 /* Data.framework in Frameworks */,
				719ED89A24EBE29C00BC8318 /* Alamofire in Frameworks */,
			);
			runOnlyForDeploymentPostprocessing = 0;
		};
		719ED88024EBDF9000BC8318 /* Frameworks */ = {
			isa = PBXFrameworksBuildPhase;
			buildActionMask = 2147483647;
			files = (
				719ED88424EBDF9000BC8318 /* Infra.framework in Frameworks */,
			);
			runOnlyForDeploymentPostprocessing = 0;
		};
		71DA612725005B49009CBB9E /* Frameworks */ = {
			isa = PBXFrameworksBuildPhase;
			buildActionMask = 2147483647;
			files = (
				71DA614125005BD7009CBB9E /* Presentation.framework in Frameworks */,
			);
			runOnlyForDeploymentPostprocessing = 0;
		};
		71DA612F25005B49009CBB9E /* Frameworks */ = {
			isa = PBXFrameworksBuildPhase;
			buildActionMask = 2147483647;
			files = (
				71DA613325005B4A009CBB9E /* iOSUi.framework in Frameworks */,
			);
			runOnlyForDeploymentPostprocessing = 0;
		};
/* End PBXFrameworksBuildPhase section */

/* Begin PBXGroup section */
		7103BA8E24F7167B00A352CD /* Services */ = {
			isa = PBXGroup;
			children = (
				719ED89B24EBE60D00BC8318 /* AlamofireAdapter.swift */,
			);
			path = Services;
			sourceTree = "<group>";
		};
		7103BA8F24F7170D00A352CD /* Services */ = {
			isa = PBXGroup;
			children = (
				719ED88824EBDF9000BC8318 /* AlamofireAdapterTests.swift */,
				7103BA9024F7172100A352CD /* UrlProtocolStub.swift */,
			);
			path = Services;
			sourceTree = "<group>";
		};
		7103BA9724F7225C00A352CD /* UseCasesIntegrationsTests */ = {
			isa = PBXGroup;
			children = (
				7103BA9824F7225C00A352CD /* AddAccountIntegrationsTests.swift */,
				7103BA9A24F7225C00A352CD /* Info.plist */,
			);
			path = UseCasesIntegrationsTests;
			sourceTree = "<group>";
		};
		7103BAAB24F7C53900A352CD /* Presentation */ = {
			isa = PBXGroup;
			children = (
				7103BAAD24F7C53900A352CD /* Info.plist */,
				71D324C424F863E8001C4602 /* Validators */,
				71D324BF24F85FDB001C4602 /* Views */,
				71D324C224F86011001C4602 /* Presenters */,
			);
			path = Presentation;
			sourceTree = "<group>";
		};
		7103BAB624F7C53900A352CD /* PresentationTests */ = {
			isa = PBXGroup;
			children = (
				7170E0BE24FFC16D008CBC8E /* Helpers */,
				7170E0B924FFC0B1008CBC8E /* UseCases */,
				7103BAB924F7C53900A352CD /* Info.plist */,
				7170E0B624FFC054008CBC8E /* Validators */,
				7170E0B324FFBFF8008CBC8E /* Views */,
				71D324C324F8615E001C4602 /* Presenters */,
			);
			path = PresentationTests;
			sourceTree = "<group>";
		};
		714B504824E7F18B003C9C47 = {
			isa = PBXGroup;
			children = (
				714B506324E7F59F003C9C47 /* Domain */,
				714B507424E80151003C9C47 /* Data */,
				714B507F24E80151003C9C47 /* DataTests */,
				719ED87C24EBDF9000BC8318 /* Infra */,
				719ED88724EBDF9000BC8318 /* InfraTests */,
				7103BA9724F7225C00A352CD /* UseCasesIntegrationsTests */,
				7103BAAB24F7C53900A352CD /* Presentation */,
				7103BAB624F7C53900A352CD /* PresentationTests */,
				71DA612B25005B49009CBB9E /* iOSUi */,
				71DA613625005B4A009CBB9E /* iOSUiTests */,
				714B505324E7F18B003C9C47 /* Products */,
				714B508A24E80192003C9C47 /* Frameworks */,
			);
			sourceTree = "<group>";
		};
		714B505324E7F18B003C9C47 /* Products */ = {
			isa = PBXGroup;
			children = (
				714B506224E7F59F003C9C47 /* Domain.framework */,
				714B507324E80151003C9C47 /* Data.framework */,
				714B507B24E80151003C9C47 /* DataTests.xctest */,
				719ED87B24EBDF9000BC8318 /* Infra.framework */,
				719ED88324EBDF9000BC8318 /* InfraTests.xctest */,
				7103BA9624F7225C00A352CD /* UseCasesIntegrationsTests.xctest */,
				7103BAAA24F7C53900A352CD /* Presentation.framework */,
				7103BAB224F7C53900A352CD /* PresentationTests.xctest */,
				71DA612A25005B49009CBB9E /* iOSUi.framework */,
				71DA613225005B49009CBB9E /* iOSUiTests.xctest */,
			);
			name = Products;
			sourceTree = "<group>";
		};
		714B506324E7F59F003C9C47 /* Domain */ = {
			isa = PBXGroup;
			children = (
				714B509624E8175A003C9C47 /* UseCases */,
				714B509724E81764003C9C47 /* Models */,
				714B509D24E8431C003C9C47 /* Errors */,
				714B506524E7F59F003C9C47 /* Info.plist */,
			);
			path = Domain;
			sourceTree = "<group>";
		};
		714B507424E80151003C9C47 /* Data */ = {
			isa = PBXGroup;
			children = (
				71F0052324EA78C0001E615F /* Extensions */,
				714B509A24E817CD003C9C47 /* UseCases */,
				714B509B24E817E1003C9C47 /* Services */,
				714B507624E80151003C9C47 /* Info.plist */,
			);
			path = Data;
			sourceTree = "<group>";
		};
		714B507F24E80151003C9C47 /* DataTests */ = {
			isa = PBXGroup;
			children = (
				719ED87024EB481300BC8318 /* Http */,
				719ED86B24EB46EC00BC8318 /* Helpers */,
				714B509C24E81804003C9C47 /* UseCases */,
				714B508224E80151003C9C47 /* Info.plist */,
			);
			path = DataTests;
			sourceTree = "<group>";
		};
		714B508A24E80192003C9C47 /* Frameworks */ = {
			isa = PBXGroup;
			children = (
			);
			name = Frameworks;
			sourceTree = "<group>";
		};
		714B509624E8175A003C9C47 /* UseCases */ = {
			isa = PBXGroup;
			children = (
				714B506A24E7FE22003C9C47 /* AddAccount.swift */,
			);
			path = UseCases;
			sourceTree = "<group>";
		};
		714B509724E81764003C9C47 /* Models */ = {
			isa = PBXGroup;
			children = (
				714B506C24E800CC003C9C47 /* AccountModel.swift */,
				714B509024E815B1003C9C47 /* Model.swift */,
				714B509824E817A9003C9C47 /* AddAccountModel.swift */,
			);
			path = Models;
			sourceTree = "<group>";
		};
		714B509A24E817CD003C9C47 /* UseCases */ = {
			isa = PBXGroup;
			children = (
				714B509224E81650003C9C47 /* RemoteAddAccount.swift */,
			);
			path = UseCases;
			sourceTree = "<group>";
		};
		714B509B24E817E1003C9C47 /* Services */ = {
			isa = PBXGroup;
			children = (
				714B509424E81688003C9C47 /* HttpPostClient.swift */,
				714B50A024E84742003C9C47 /* HttpError.swift */,
			);
			path = Services;
			sourceTree = "<group>";
		};
		714B509C24E81804003C9C47 /* UseCases */ = {
			isa = PBXGroup;
			children = (
				714B508024E80151003C9C47 /* RemoteAddAccountTests.swift */,
			);
			path = UseCases;
			sourceTree = "<group>";
		};
		714B509D24E8431C003C9C47 /* Errors */ = {
			isa = PBXGroup;
			children = (
				714B509E24E8432A003C9C47 /* DomainError.swift */,
			);
			path = Errors;
			sourceTree = "<group>";
		};
		7170E0AA24FFB994008CBC8E /* SignUp */ = {
			isa = PBXGroup;
			children = (
				7103BAB724F7C53900A352CD /* SignupPresentationTests.swift */,
			);
			path = SignUp;
			sourceTree = "<group>";
		};
		7170E0AD24FFBCC2008CBC8E /* SignUp */ = {
			isa = PBXGroup;
			children = (
				7170E0AB24FFBC19008CBC8E /* SignUpViewModel.swift */,
				71D324BB24F85F0A001C4602 /* SignUpPresenter.swift */,
				7170E0AF24FFBCFE008CBC8E /* SignUpMapper.swift */,
			);
			path = SignUp;
			sourceTree = "<group>";
		};
		7170E0B324FFBFF8008CBC8E /* Views */ = {
			isa = PBXGroup;
			children = (
				7170E0B424FFC01C008CBC8E /* AlertViewSpy.swift */,
				7170E0BC24FFC129008CBC8E /* LoadingViewSpy.swift */,
			);
			path = Views;
			sourceTree = "<group>";
		};
		7170E0B624FFC054008CBC8E /* Validators */ = {
			isa = PBXGroup;
			children = (
				7170E0B724FFC06D008CBC8E /* EmailValidatorSpy.swift */,
			);
			path = Validators;
			sourceTree = "<group>";
		};
		7170E0B924FFC0B1008CBC8E /* UseCases */ = {
			isa = PBXGroup;
			children = (
				7170E0BA24FFC0D3008CBC8E /* AddAccountSpy.swift */,
			);
			path = UseCases;
			sourceTree = "<group>";
		};
		7170E0BE24FFC16D008CBC8E /* Helpers */ = {
			isa = PBXGroup;
			children = (
				7170E0BF24FFC182008CBC8E /* TestFactories.swift */,
			);
			path = Helpers;
			sourceTree = "<group>";
		};
		719ED86B24EB46EC00BC8318 /* Helpers */ = {
			isa = PBXGroup;
			children = (
				719ED86C24EB472200BC8318 /* TestsExtensions.swift */,
				719ED86E24EB479900BC8318 /* TestsFactories.swift */,
			);
			path = Helpers;
			sourceTree = "<group>";
		};
		719ED87024EB481300BC8318 /* Http */ = {
			isa = PBXGroup;
			children = (
				719ED87324EB487700BC8318 /* AccountModelFactory.swift */,
				719ED87124EB482400BC8318 /* HttpClientSpy.swift */,
			);
			path = Http;
			sourceTree = "<group>";
		};
		719ED87C24EBDF9000BC8318 /* Infra */ = {
			isa = PBXGroup;
			children = (
				719ED87E24EBDF9000BC8318 /* Info.plist */,
				7103BA8E24F7167B00A352CD /* Services */,
			);
			path = Infra;
			sourceTree = "<group>";
		};
		719ED88724EBDF9000BC8318 /* InfraTests */ = {
			isa = PBXGroup;
			children = (
				7103BA8F24F7170D00A352CD /* Services */,
				719ED88A24EBDF9000BC8318 /* Info.plist */,
			);
			path = InfraTests;
			sourceTree = "<group>";
		};
		71D324BF24F85FDB001C4602 /* Views */ = {
			isa = PBXGroup;
			children = (
				71D324C024F85FE7001C4602 /* AlertView.swift */,
				71D324C924F9BF91001C4602 /* LoadingView.swift */,
			);
			path = Views;
			sourceTree = "<group>";
		};
		71D324C224F86011001C4602 /* Presenters */ = {
			isa = PBXGroup;
			children = (
				7170E0AD24FFBCC2008CBC8E /* SignUp */,
			);
			path = Presenters;
			sourceTree = "<group>";
		};
		71D324C324F8615E001C4602 /* Presenters */ = {
			isa = PBXGroup;
			children = (
				7170E0AA24FFB994008CBC8E /* SignUp */,
			);
			path = Presenters;
			sourceTree = "<group>";
		};
		71D324C424F863E8001C4602 /* Validators */ = {
			isa = PBXGroup;
			children = (
				71D324C524F863F2001C4602 /* EmailValidator.swift */,
			);
			path = Validators;
			sourceTree = "<group>";
		};
		71DA612B25005B49009CBB9E /* iOSUi */ = {
			isa = PBXGroup;
			children = (
				71DA612D25005B49009CBB9E /* Info.plist */,
				71DA614825005D0D009CBB9E /* SignUpViewController.swift */,
				71DA614A25005D7B009CBB9E /* SignUp.storyboard */,
			);
			path = iOSUi;
			sourceTree = "<group>";
		};
		71DA613625005B4A009CBB9E /* iOSUiTests */ = {
			isa = PBXGroup;
			children = (
				71DA613925005B4A009CBB9E /* Info.plist */,
				71DA614625005C3A009CBB9E /* SignUpViewControllerTests.swift */,
			);
			path = iOSUiTests;
			sourceTree = "<group>";
		};
		71F0052324EA78C0001E615F /* Extensions */ = {
			isa = PBXGroup;
			children = (
				71F0052424EA78E3001E615F /* ExtensionsConverters.swift */,
			);
			path = Extensions;
			sourceTree = "<group>";
		};
/* End PBXGroup section */

/* Begin PBXHeadersBuildPhase section */
		7103BAA524F7C53900A352CD /* Headers */ = {
			isa = PBXHeadersBuildPhase;
			buildActionMask = 2147483647;
			files = (
			);
			runOnlyForDeploymentPostprocessing = 0;
		};
		714B505D24E7F59F003C9C47 /* Headers */ = {
			isa = PBXHeadersBuildPhase;
			buildActionMask = 2147483647;
			files = (
			);
			runOnlyForDeploymentPostprocessing = 0;
		};
		714B506E24E80151003C9C47 /* Headers */ = {
			isa = PBXHeadersBuildPhase;
			buildActionMask = 2147483647;
			files = (
			);
			runOnlyForDeploymentPostprocessing = 0;
		};
		719ED87624EBDF9000BC8318 /* Headers */ = {
			isa = PBXHeadersBuildPhase;
			buildActionMask = 2147483647;
			files = (
			);
			runOnlyForDeploymentPostprocessing = 0;
		};
		71DA612525005B49009CBB9E /* Headers */ = {
			isa = PBXHeadersBuildPhase;
			buildActionMask = 2147483647;
			files = (
			);
			runOnlyForDeploymentPostprocessing = 0;
		};
/* End PBXHeadersBuildPhase section */

/* Begin PBXNativeTarget section */
		7103BA9524F7225C00A352CD /* UseCasesIntegrationsTests */ = {
			isa = PBXNativeTarget;
			buildConfigurationList = 7103BA9E24F7225C00A352CD /* Build configuration list for PBXNativeTarget "UseCasesIntegrationsTests" */;
			buildPhases = (
				7103BA9224F7225C00A352CD /* Sources */,
				7103BA9324F7225C00A352CD /* Frameworks */,
				7103BA9424F7225C00A352CD /* Resources */,
			);
			buildRules = (
			);
			dependencies = (
				7103BAA224F7228200A352CD /* PBXTargetDependency */,
				7103BAA424F7228200A352CD /* PBXTargetDependency */,
				7103BA9D24F7225C00A352CD /* PBXTargetDependency */,
			);
			name = UseCasesIntegrationsTests;
			productName = UseCasesIntegrationsTests;
			productReference = 7103BA9624F7225C00A352CD /* UseCasesIntegrationsTests.xctest */;
			productType = "com.apple.product-type.bundle.unit-test";
		};
		7103BAA924F7C53900A352CD /* Presentation */ = {
			isa = PBXNativeTarget;
			buildConfigurationList = 7103BABF24F7C53900A352CD /* Build configuration list for PBXNativeTarget "Presentation" */;
			buildPhases = (
				7103BAA524F7C53900A352CD /* Headers */,
				7103BAA624F7C53900A352CD /* Sources */,
				7103BAA724F7C53900A352CD /* Frameworks */,
				7103BAA824F7C53900A352CD /* Resources */,
			);
			buildRules = (
			);
			dependencies = (
				71D324BE24F85F55001C4602 /* PBXTargetDependency */,
			);
			name = Presentation;
			productName = Presentation;
			productReference = 7103BAAA24F7C53900A352CD /* Presentation.framework */;
			productType = "com.apple.product-type.framework";
		};
		7103BAB124F7C53900A352CD /* PresentationTests */ = {
			isa = PBXNativeTarget;
			buildConfigurationList = 7103BAC024F7C53900A352CD /* Build configuration list for PBXNativeTarget "PresentationTests" */;
			buildPhases = (
				7103BAAE24F7C53900A352CD /* Sources */,
				7103BAAF24F7C53900A352CD /* Frameworks */,
				7103BAB024F7C53900A352CD /* Resources */,
			);
			buildRules = (
			);
			dependencies = (
				7103BAB524F7C53900A352CD /* PBXTargetDependency */,
			);
			name = PresentationTests;
			productName = PresentationTests;
			productReference = 7103BAB224F7C53900A352CD /* PresentationTests.xctest */;
			productType = "com.apple.product-type.bundle.unit-test";
		};
		714B506124E7F59F003C9C47 /* Domain */ = {
			isa = PBXNativeTarget;
			buildConfigurationList = 714B506724E7F59F003C9C47 /* Build configuration list for PBXNativeTarget "Domain" */;
			buildPhases = (
				714B505D24E7F59F003C9C47 /* Headers */,
				714B505E24E7F59F003C9C47 /* Sources */,
				714B505F24E7F59F003C9C47 /* Frameworks */,
				714B506024E7F59F003C9C47 /* Resources */,
			);
			buildRules = (
			);
			dependencies = (
			);
			name = Domain;
			productName = Domain;
			productReference = 714B506224E7F59F003C9C47 /* Domain.framework */;
			productType = "com.apple.product-type.framework";
		};
		714B507224E80151003C9C47 /* Data */ = {
			isa = PBXNativeTarget;
			buildConfigurationList = 714B508424E80151003C9C47 /* Build configuration list for PBXNativeTarget "Data" */;
			buildPhases = (
				714B506E24E80151003C9C47 /* Headers */,
				714B506F24E80151003C9C47 /* Sources */,
				714B507024E80151003C9C47 /* Frameworks */,
				714B507124E80151003C9C47 /* Resources */,
				714B508F24E80193003C9C47 /* Embed Frameworks */,
			);
			buildRules = (
			);
			dependencies = (
				714B508E24E80192003C9C47 /* PBXTargetDependency */,
			);
			name = Data;
			productName = Data;
			productReference = 714B507324E80151003C9C47 /* Data.framework */;
			productType = "com.apple.product-type.framework";
		};
		714B507A24E80151003C9C47 /* DataTests */ = {
			isa = PBXNativeTarget;
			buildConfigurationList = 714B508724E80151003C9C47 /* Build configuration list for PBXNativeTarget "DataTests" */;
			buildPhases = (
				714B507724E80151003C9C47 /* Sources */,
				714B507824E80151003C9C47 /* Frameworks */,
				714B507924E80151003C9C47 /* Resources */,
			);
			buildRules = (
			);
			dependencies = (
				714B507E24E80151003C9C47 /* PBXTargetDependency */,
			);
			name = DataTests;
			productName = DataTests;
			productReference = 714B507B24E80151003C9C47 /* DataTests.xctest */;
			productType = "com.apple.product-type.bundle.unit-test";
		};
		719ED87A24EBDF9000BC8318 /* Infra */ = {
			isa = PBXNativeTarget;
			buildConfigurationList = 719ED88C24EBDF9000BC8318 /* Build configuration list for PBXNativeTarget "Infra" */;
			buildPhases = (
				719ED87624EBDF9000BC8318 /* Headers */,
				719ED87724EBDF9000BC8318 /* Sources */,
				719ED87824EBDF9000BC8318 /* Frameworks */,
				719ED87924EBDF9000BC8318 /* Resources */,
				719ED89624EBE1A500BC8318 /* Embed Frameworks */,
			);
			buildRules = (
			);
			dependencies = (
				719ED89524EBE1A500BC8318 /* PBXTargetDependency */,
			);
			name = Infra;
			packageProductDependencies = (
				719ED89924EBE29C00BC8318 /* Alamofire */,
			);
			productName = Infra;
			productReference = 719ED87B24EBDF9000BC8318 /* Infra.framework */;
			productType = "com.apple.product-type.framework";
		};
		719ED88224EBDF9000BC8318 /* InfraTests */ = {
			isa = PBXNativeTarget;
			buildConfigurationList = 719ED88F24EBDF9000BC8318 /* Build configuration list for PBXNativeTarget "InfraTests" */;
			buildPhases = (
				719ED87F24EBDF9000BC8318 /* Sources */,
				719ED88024EBDF9000BC8318 /* Frameworks */,
				719ED88124EBDF9000BC8318 /* Resources */,
			);
			buildRules = (
			);
			dependencies = (
				719ED88624EBDF9000BC8318 /* PBXTargetDependency */,
			);
			name = InfraTests;
			productName = InfraTests;
			productReference = 719ED88324EBDF9000BC8318 /* InfraTests.xctest */;
			productType = "com.apple.product-type.bundle.unit-test";
		};
		71DA612925005B49009CBB9E /* iOSUi */ = {
			isa = PBXNativeTarget;
			buildConfigurationList = 71DA613B25005B4A009CBB9E /* Build configuration list for PBXNativeTarget "iOSUi" */;
			buildPhases = (
				71DA612525005B49009CBB9E /* Headers */,
				71DA612625005B49009CBB9E /* Sources */,
				71DA612725005B49009CBB9E /* Frameworks */,
				71DA612825005B49009CBB9E /* Resources */,
				71DA614525005BD7009CBB9E /* Embed Frameworks */,
			);
			buildRules = (
			);
			dependencies = (
				71DA614425005BD7009CBB9E /* PBXTargetDependency */,
			);
			name = iOSUi;
			productName = iOSUi;
			productReference = 71DA612A25005B49009CBB9E /* iOSUi.framework */;
			productType = "com.apple.product-type.framework";
		};
		71DA613125005B49009CBB9E /* iOSUiTests */ = {
			isa = PBXNativeTarget;
			buildConfigurationList = 71DA613E25005B4A009CBB9E /* Build configuration list for PBXNativeTarget "iOSUiTests" */;
			buildPhases = (
				71DA612E25005B49009CBB9E /* Sources */,
				71DA612F25005B49009CBB9E /* Frameworks */,
				71DA613025005B49009CBB9E /* Resources */,
			);
			buildRules = (
			);
			dependencies = (
				71DA613525005B4A009CBB9E /* PBXTargetDependency */,
			);
			name = iOSUiTests;
			productName = iOSUiTests;
			productReference = 71DA613225005B49009CBB9E /* iOSUiTests.xctest */;
			productType = "com.apple.product-type.bundle.unit-test";
		};
/* End PBXNativeTarget section */

/* Begin PBXProject section */
		714B504924E7F18B003C9C47 /* Project object */ = {
			isa = PBXProject;
			attributes = {
				LastSwiftUpdateCheck = 1160;
				LastUpgradeCheck = 1160;
				ORGANIZATIONNAME = "Israel Ermel";
				TargetAttributes = {
					7103BA9524F7225C00A352CD = {
						CreatedOnToolsVersion = 11.6;
					};
					7103BAA924F7C53900A352CD = {
						CreatedOnToolsVersion = 11.6;
						LastSwiftMigration = 1160;
					};
					7103BAB124F7C53900A352CD = {
						CreatedOnToolsVersion = 11.6;
					};
					714B506124E7F59F003C9C47 = {
						CreatedOnToolsVersion = 11.6;
						LastSwiftMigration = 1160;
					};
					714B507224E80151003C9C47 = {
						CreatedOnToolsVersion = 11.6;
						LastSwiftMigration = 1160;
					};
					714B507A24E80151003C9C47 = {
						CreatedOnToolsVersion = 11.6;
					};
					719ED87A24EBDF9000BC8318 = {
						CreatedOnToolsVersion = 11.6;
						LastSwiftMigration = 1160;
					};
					719ED88224EBDF9000BC8318 = {
						CreatedOnToolsVersion = 11.6;
					};
					71DA612925005B49009CBB9E = {
						CreatedOnToolsVersion = 11.6;
						LastSwiftMigration = 1160;
					};
					71DA613125005B49009CBB9E = {
						CreatedOnToolsVersion = 11.6;
					};
				};
			};
			buildConfigurationList = 714B504C24E7F18B003C9C47 /* Build configuration list for PBXProject "CleanAppCourse" */;
			compatibilityVersion = "Xcode 9.3";
			developmentRegion = en;
			hasScannedForEncodings = 0;
			knownRegions = (
				en,
				Base,
			);
			mainGroup = 714B504824E7F18B003C9C47;
			packageReferences = (
				719ED89824EBE29C00BC8318 /* XCRemoteSwiftPackageReference "Alamofire" */,
			);
			productRefGroup = 714B505324E7F18B003C9C47 /* Products */;
			projectDirPath = "";
			projectRoot = "";
			targets = (
				714B506124E7F59F003C9C47 /* Domain */,
				714B507224E80151003C9C47 /* Data */,
				714B507A24E80151003C9C47 /* DataTests */,
				719ED87A24EBDF9000BC8318 /* Infra */,
				719ED88224EBDF9000BC8318 /* InfraTests */,
				7103BA9524F7225C00A352CD /* UseCasesIntegrationsTests */,
				7103BAA924F7C53900A352CD /* Presentation */,
				7103BAB124F7C53900A352CD /* PresentationTests */,
				71DA612925005B49009CBB9E /* iOSUi */,
				71DA613125005B49009CBB9E /* iOSUiTests */,
			);
		};
/* End PBXProject section */

/* Begin PBXResourcesBuildPhase section */
		7103BA9424F7225C00A352CD /* Resources */ = {
			isa = PBXResourcesBuildPhase;
			buildActionMask = 2147483647;
			files = (
			);
			runOnlyForDeploymentPostprocessing = 0;
		};
		7103BAA824F7C53900A352CD /* Resources */ = {
			isa = PBXResourcesBuildPhase;
			buildActionMask = 2147483647;
			files = (
			);
			runOnlyForDeploymentPostprocessing = 0;
		};
		7103BAB024F7C53900A352CD /* Resources */ = {
			isa = PBXResourcesBuildPhase;
			buildActionMask = 2147483647;
			files = (
			);
			runOnlyForDeploymentPostprocessing = 0;
		};
		714B506024E7F59F003C9C47 /* Resources */ = {
			isa = PBXResourcesBuildPhase;
			buildActionMask = 2147483647;
			files = (
			);
			runOnlyForDeploymentPostprocessing = 0;
		};
		714B507124E80151003C9C47 /* Resources */ = {
			isa = PBXResourcesBuildPhase;
			buildActionMask = 2147483647;
			files = (
			);
			runOnlyForDeploymentPostprocessing = 0;
		};
		714B507924E80151003C9C47 /* Resources */ = {
			isa = PBXResourcesBuildPhase;
			buildActionMask = 2147483647;
			files = (
			);
			runOnlyForDeploymentPostprocessing = 0;
		};
		719ED87924EBDF9000BC8318 /* Resources */ = {
			isa = PBXResourcesBuildPhase;
			buildActionMask = 2147483647;
			files = (
			);
			runOnlyForDeploymentPostprocessing = 0;
		};
		719ED88124EBDF9000BC8318 /* Resources */ = {
			isa = PBXResourcesBuildPhase;
			buildActionMask = 2147483647;
			files = (
			);
			runOnlyForDeploymentPostprocessing = 0;
		};
		71DA612825005B49009CBB9E /* Resources */ = {
			isa = PBXResourcesBuildPhase;
			buildActionMask = 2147483647;
			files = (
				71DA614B25005D7B009CBB9E /* SignUp.storyboard in Resources */,
			);
			runOnlyForDeploymentPostprocessing = 0;
		};
		71DA613025005B49009CBB9E /* Resources */ = {
			isa = PBXResourcesBuildPhase;
			buildActionMask = 2147483647;
			files = (
			);
			runOnlyForDeploymentPostprocessing = 0;
		};
/* End PBXResourcesBuildPhase section */

/* Begin PBXSourcesBuildPhase section */
		7103BA9224F7225C00A352CD /* Sources */ = {
			isa = PBXSourcesBuildPhase;
			buildActionMask = 2147483647;
			files = (
				7103BA9924F7225C00A352CD /* AddAccountIntegrationsTests.swift in Sources */,
			);
			runOnlyForDeploymentPostprocessing = 0;
		};
		7103BAA624F7C53900A352CD /* Sources */ = {
			isa = PBXSourcesBuildPhase;
			buildActionMask = 2147483647;
			files = (
				7170E0B024FFBCFE008CBC8E /* SignUpMapper.swift in Sources */,
				71D324BC24F85F0A001C4602 /* SignUpPresenter.swift in Sources */,
				71D324CA24F9BF91001C4602 /* LoadingView.swift in Sources */,
				7170E0AE24FFBCC9008CBC8E /* SignUpViewModel.swift in Sources */,
				71D324C124F85FE7001C4602 /* AlertView.swift in Sources */,
				71D324C624F863F2001C4602 /* EmailValidator.swift in Sources */,
			);
			runOnlyForDeploymentPostprocessing = 0;
		};
		7103BAAE24F7C53900A352CD /* Sources */ = {
			isa = PBXSourcesBuildPhase;
			buildActionMask = 2147483647;
			files = (
				7170E0BD24FFC129008CBC8E /* LoadingViewSpy.swift in Sources */,
				7170E0BB24FFC0D3008CBC8E /* AddAccountSpy.swift in Sources */,
				7170E0B524FFC01C008CBC8E /* AlertViewSpy.swift in Sources */,
				71D324C724F9AC9C001C4602 /* AccountModelFactory.swift in Sources */,
				7170E0B824FFC06D008CBC8E /* EmailValidatorSpy.swift in Sources */,
				71D324C824F9BB78001C4602 /* TestsExtensions.swift in Sources */,
				7170E0C024FFC182008CBC8E /* TestFactories.swift in Sources */,
				7103BAB824F7C53900A352CD /* SignupPresentationTests.swift in Sources */,
			);
			runOnlyForDeploymentPostprocessing = 0;
		};
		714B505E24E7F59F003C9C47 /* Sources */ = {
			isa = PBXSourcesBuildPhase;
			buildActionMask = 2147483647;
			files = (
				714B509F24E8432A003C9C47 /* DomainError.swift in Sources */,
				714B509124E815B1003C9C47 /* Model.swift in Sources */,
				714B506B24E7FE22003C9C47 /* AddAccount.swift in Sources */,
				714B506D24E800CC003C9C47 /* AccountModel.swift in Sources */,
				714B509924E817A9003C9C47 /* AddAccountModel.swift in Sources */,
			);
			runOnlyForDeploymentPostprocessing = 0;
		};
		714B506F24E80151003C9C47 /* Sources */ = {
			isa = PBXSourcesBuildPhase;
			buildActionMask = 2147483647;
			files = (
				71F0052524EA78E3001E615F /* ExtensionsConverters.swift in Sources */,
				714B509524E81688003C9C47 /* HttpPostClient.swift in Sources */,
				714B50A124E84742003C9C47 /* HttpError.swift in Sources */,
				714B509324E81650003C9C47 /* RemoteAddAccount.swift in Sources */,
			);
			runOnlyForDeploymentPostprocessing = 0;
		};
		714B507724E80151003C9C47 /* Sources */ = {
			isa = PBXSourcesBuildPhase;
			buildActionMask = 2147483647;
			files = (
				714B508124E80151003C9C47 /* RemoteAddAccountTests.swift in Sources */,
				719ED87224EB482400BC8318 /* HttpClientSpy.swift in Sources */,
				719ED86F24EB479900BC8318 /* TestsFactories.swift in Sources */,
				719ED87524EB490800BC8318 /* AccountModelFactory.swift in Sources */,
				719ED86D24EB472200BC8318 /* TestsExtensions.swift in Sources */,
			);
			runOnlyForDeploymentPostprocessing = 0;
		};
		719ED87724EBDF9000BC8318 /* Sources */ = {
			isa = PBXSourcesBuildPhase;
			buildActionMask = 2147483647;
			files = (
				719ED89C24EBE60D00BC8318 /* AlamofireAdapter.swift in Sources */,
			);
			runOnlyForDeploymentPostprocessing = 0;
		};
		719ED87F24EBDF9000BC8318 /* Sources */ = {
			isa = PBXSourcesBuildPhase;
			buildActionMask = 2147483647;
			files = (
				719ED89724EBE1E700BC8318 /* TestsFactories.swift in Sources */,
				7184DAA824EC7F1200A012AE /* TestsExtensions.swift in Sources */,
				719ED88924EBDF9000BC8318 /* AlamofireAdapterTests.swift in Sources */,
				7103BA9124F7172100A352CD /* UrlProtocolStub.swift in Sources */,
			);
			runOnlyForDeploymentPostprocessing = 0;
		};
		71DA612625005B49009CBB9E /* Sources */ = {
			isa = PBXSourcesBuildPhase;
			buildActionMask = 2147483647;
			files = (
				71DA614925005D0D009CBB9E /* SignUpViewController.swift in Sources */,
			);
			runOnlyForDeploymentPostprocessing = 0;
		};
		71DA612E25005B49009CBB9E /* Sources */ = {
			isa = PBXSourcesBuildPhase;
			buildActionMask = 2147483647;
			files = (
				71DA614725005C3A009CBB9E /* SignUpViewControllerTests.swift in Sources */,
			);
			runOnlyForDeploymentPostprocessing = 0;
		};
/* End PBXSourcesBuildPhase section */

/* Begin PBXTargetDependency section */
		7103BA9D24F7225C00A352CD /* PBXTargetDependency */ = {
			isa = PBXTargetDependency;
			target = 714B507224E80151003C9C47 /* Data */;
			targetProxy = 7103BA9C24F7225C00A352CD /* PBXContainerItemProxy */;
		};
		7103BAA224F7228200A352CD /* PBXTargetDependency */ = {
			isa = PBXTargetDependency;
			target = 714B506124E7F59F003C9C47 /* Domain */;
			targetProxy = 7103BAA124F7228200A352CD /* PBXContainerItemProxy */;
		};
		7103BAA424F7228200A352CD /* PBXTargetDependency */ = {
			isa = PBXTargetDependency;
			target = 719ED87A24EBDF9000BC8318 /* Infra */;
			targetProxy = 7103BAA324F7228200A352CD /* PBXContainerItemProxy */;
		};
		7103BAB524F7C53900A352CD /* PBXTargetDependency */ = {
			isa = PBXTargetDependency;
			target = 7103BAA924F7C53900A352CD /* Presentation */;
			targetProxy = 7103BAB424F7C53900A352CD /* PBXContainerItemProxy */;
		};
		714B507E24E80151003C9C47 /* PBXTargetDependency */ = {
			isa = PBXTargetDependency;
			target = 714B507224E80151003C9C47 /* Data */;
			targetProxy = 714B507D24E80151003C9C47 /* PBXContainerItemProxy */;
		};
		714B508E24E80192003C9C47 /* PBXTargetDependency */ = {
			isa = PBXTargetDependency;
			target = 714B506124E7F59F003C9C47 /* Domain */;
			targetProxy = 714B508D24E80192003C9C47 /* PBXContainerItemProxy */;
		};
		719ED88624EBDF9000BC8318 /* PBXTargetDependency */ = {
			isa = PBXTargetDependency;
			target = 719ED87A24EBDF9000BC8318 /* Infra */;
			targetProxy = 719ED88524EBDF9000BC8318 /* PBXContainerItemProxy */;
		};
		719ED89524EBE1A500BC8318 /* PBXTargetDependency */ = {
			isa = PBXTargetDependency;
			target = 714B507224E80151003C9C47 /* Data */;
			targetProxy = 719ED89424EBE1A500BC8318 /* PBXContainerItemProxy */;
		};
		71D324BE24F85F55001C4602 /* PBXTargetDependency */ = {
			isa = PBXTargetDependency;
			target = 714B506124E7F59F003C9C47 /* Domain */;
			targetProxy = 71D324BD24F85F55001C4602 /* PBXContainerItemProxy */;
		};
		71DA613525005B4A009CBB9E /* PBXTargetDependency */ = {
			isa = PBXTargetDependency;
			target = 71DA612925005B49009CBB9E /* iOSUi */;
			targetProxy = 71DA613425005B4A009CBB9E /* PBXContainerItemProxy */;
		};
		71DA614425005BD7009CBB9E /* PBXTargetDependency */ = {
			isa = PBXTargetDependency;
			target = 7103BAA924F7C53900A352CD /* Presentation */;
			targetProxy = 71DA614325005BD7009CBB9E /* PBXContainerItemProxy */;
		};
/* End PBXTargetDependency section */

/* Begin XCBuildConfiguration section */
		7103BA9F24F7225C00A352CD /* Debug */ = {
			isa = XCBuildConfiguration;
			buildSettings = {
				CODE_SIGN_STYLE = Automatic;
				COMBINE_HIDPI_IMAGES = YES;
				DEVELOPMENT_TEAM = K9QQM6JSPE;
				INFOPLIST_FILE = UseCasesIntegrationsTests/Info.plist;
				LD_RUNPATH_SEARCH_PATHS = (
					"$(inherited)",
					"@executable_path/../Frameworks",
					"@loader_path/../Frameworks",
				);
				MACOSX_DEPLOYMENT_TARGET = 10.15;
				PRODUCT_BUNDLE_IDENTIFIER = vineivel.UseCasesIntegrationsTests;
				PRODUCT_NAME = "$(TARGET_NAME)";
				SDKROOT = macosx;
				SUPPORTED_PLATFORMS = "macosx iphonesimulator iphoneos";
				SWIFT_VERSION = 5.0;
			};
			name = Debug;
		};
		7103BAA024F7225C00A352CD /* Release */ = {
			isa = XCBuildConfiguration;
			buildSettings = {
				CODE_SIGN_STYLE = Automatic;
				COMBINE_HIDPI_IMAGES = YES;
				DEVELOPMENT_TEAM = K9QQM6JSPE;
				INFOPLIST_FILE = UseCasesIntegrationsTests/Info.plist;
				LD_RUNPATH_SEARCH_PATHS = (
					"$(inherited)",
					"@executable_path/../Frameworks",
					"@loader_path/../Frameworks",
				);
				MACOSX_DEPLOYMENT_TARGET = 10.15;
				PRODUCT_BUNDLE_IDENTIFIER = vineivel.UseCasesIntegrationsTests;
				PRODUCT_NAME = "$(TARGET_NAME)";
				SDKROOT = macosx;
				SUPPORTED_PLATFORMS = "macosx iphonesimulator iphoneos";
				SWIFT_VERSION = 5.0;
			};
			name = Release;
		};
		7103BABB24F7C53900A352CD /* Debug */ = {
			isa = XCBuildConfiguration;
			buildSettings = {
				CLANG_ENABLE_MODULES = YES;
				CODE_SIGN_STYLE = Automatic;
				COMBINE_HIDPI_IMAGES = YES;
				DEFINES_MODULE = YES;
				DEVELOPMENT_TEAM = K9QQM6JSPE;
				DYLIB_COMPATIBILITY_VERSION = 1;
				DYLIB_CURRENT_VERSION = 1;
				DYLIB_INSTALL_NAME_BASE = "@rpath";
				INFOPLIST_FILE = Presentation/Info.plist;
				INSTALL_PATH = "$(LOCAL_LIBRARY_DIR)/Frameworks";
				LD_RUNPATH_SEARCH_PATHS = (
					"$(inherited)",
					"@executable_path/../Frameworks",
					"@loader_path/Frameworks",
				);
				MACOSX_DEPLOYMENT_TARGET = 10.15;
				PRODUCT_BUNDLE_IDENTIFIER = vineivel.Presentation;
				PRODUCT_NAME = "$(TARGET_NAME:c99extidentifier)";
				SDKROOT = macosx;
				SKIP_INSTALL = YES;
				SUPPORTED_PLATFORMS = "macosx iphonesimulator iphoneos";
				SWIFT_OPTIMIZATION_LEVEL = "-Onone";
				SWIFT_VERSION = 5.0;
			};
			name = Debug;
		};
		7103BABC24F7C53900A352CD /* Release */ = {
			isa = XCBuildConfiguration;
			buildSettings = {
				CLANG_ENABLE_MODULES = YES;
				CODE_SIGN_STYLE = Automatic;
				COMBINE_HIDPI_IMAGES = YES;
				DEFINES_MODULE = YES;
				DEVELOPMENT_TEAM = K9QQM6JSPE;
				DYLIB_COMPATIBILITY_VERSION = 1;
				DYLIB_CURRENT_VERSION = 1;
				DYLIB_INSTALL_NAME_BASE = "@rpath";
				INFOPLIST_FILE = Presentation/Info.plist;
				INSTALL_PATH = "$(LOCAL_LIBRARY_DIR)/Frameworks";
				LD_RUNPATH_SEARCH_PATHS = (
					"$(inherited)",
					"@executable_path/../Frameworks",
					"@loader_path/Frameworks",
				);
				MACOSX_DEPLOYMENT_TARGET = 10.15;
				PRODUCT_BUNDLE_IDENTIFIER = vineivel.Presentation;
				PRODUCT_NAME = "$(TARGET_NAME:c99extidentifier)";
				SDKROOT = macosx;
				SKIP_INSTALL = YES;
				SUPPORTED_PLATFORMS = "macosx iphonesimulator iphoneos";
				SWIFT_VERSION = 5.0;
			};
			name = Release;
		};
		7103BABD24F7C53900A352CD /* Debug */ = {
			isa = XCBuildConfiguration;
			buildSettings = {
				ALWAYS_EMBED_SWIFT_STANDARD_LIBRARIES = YES;
				CODE_SIGN_STYLE = Automatic;
				COMBINE_HIDPI_IMAGES = YES;
				DEVELOPMENT_TEAM = K9QQM6JSPE;
				INFOPLIST_FILE = PresentationTests/Info.plist;
				LD_RUNPATH_SEARCH_PATHS = (
					"$(inherited)",
					"@executable_path/../Frameworks",
					"@loader_path/../Frameworks",
				);
				MACOSX_DEPLOYMENT_TARGET = 10.15;
				PRODUCT_BUNDLE_IDENTIFIER = vineivel.PresentationTests;
				PRODUCT_NAME = "$(TARGET_NAME)";
				SDKROOT = macosx;
				SUPPORTED_PLATFORMS = "macosx iphonesimulator iphoneos";
				SWIFT_VERSION = 5.0;
			};
			name = Debug;
		};
		7103BABE24F7C53900A352CD /* Release */ = {
			isa = XCBuildConfiguration;
			buildSettings = {
				ALWAYS_EMBED_SWIFT_STANDARD_LIBRARIES = YES;
				CODE_SIGN_STYLE = Automatic;
				COMBINE_HIDPI_IMAGES = YES;
				DEVELOPMENT_TEAM = K9QQM6JSPE;
				INFOPLIST_FILE = PresentationTests/Info.plist;
				LD_RUNPATH_SEARCH_PATHS = (
					"$(inherited)",
					"@executable_path/../Frameworks",
					"@loader_path/../Frameworks",
				);
				MACOSX_DEPLOYMENT_TARGET = 10.15;
				PRODUCT_BUNDLE_IDENTIFIER = vineivel.PresentationTests;
				PRODUCT_NAME = "$(TARGET_NAME)";
				SDKROOT = macosx;
				SUPPORTED_PLATFORMS = "macosx iphonesimulator iphoneos";
				SWIFT_VERSION = 5.0;
			};
			name = Release;
		};
		714B505824E7F18B003C9C47 /* Debug */ = {
			isa = XCBuildConfiguration;
			buildSettings = {
				ALWAYS_SEARCH_USER_PATHS = NO;
				CLANG_ANALYZER_NONNULL = YES;
				CLANG_ANALYZER_NUMBER_OBJECT_CONVERSION = YES_AGGRESSIVE;
				CLANG_CXX_LANGUAGE_STANDARD = "gnu++14";
				CLANG_CXX_LIBRARY = "libc++";
				CLANG_ENABLE_MODULES = YES;
				CLANG_ENABLE_OBJC_ARC = YES;
				CLANG_ENABLE_OBJC_WEAK = YES;
				CLANG_WARN_BLOCK_CAPTURE_AUTORELEASING = YES;
				CLANG_WARN_BOOL_CONVERSION = YES;
				CLANG_WARN_COMMA = YES;
				CLANG_WARN_CONSTANT_CONVERSION = YES;
				CLANG_WARN_DEPRECATED_OBJC_IMPLEMENTATIONS = YES;
				CLANG_WARN_DIRECT_OBJC_ISA_USAGE = YES_ERROR;
				CLANG_WARN_DOCUMENTATION_COMMENTS = YES;
				CLANG_WARN_EMPTY_BODY = YES;
				CLANG_WARN_ENUM_CONVERSION = YES;
				CLANG_WARN_INFINITE_RECURSION = YES;
				CLANG_WARN_INT_CONVERSION = YES;
				CLANG_WARN_NON_LITERAL_NULL_CONVERSION = YES;
				CLANG_WARN_OBJC_IMPLICIT_RETAIN_SELF = YES;
				CLANG_WARN_OBJC_LITERAL_CONVERSION = YES;
				CLANG_WARN_OBJC_ROOT_CLASS = YES_ERROR;
				CLANG_WARN_RANGE_LOOP_ANALYSIS = YES;
				CLANG_WARN_STRICT_PROTOTYPES = YES;
				CLANG_WARN_SUSPICIOUS_MOVE = YES;
				CLANG_WARN_UNGUARDED_AVAILABILITY = YES_AGGRESSIVE;
				CLANG_WARN_UNREACHABLE_CODE = YES;
				CLANG_WARN__DUPLICATE_METHOD_MATCH = YES;
				COPY_PHASE_STRIP = NO;
				CURRENT_PROJECT_VERSION = 1;
				DEBUG_INFORMATION_FORMAT = dwarf;
				ENABLE_STRICT_OBJC_MSGSEND = YES;
				ENABLE_TESTABILITY = YES;
				GCC_C_LANGUAGE_STANDARD = gnu11;
				GCC_DYNAMIC_NO_PIC = NO;
				GCC_NO_COMMON_BLOCKS = YES;
				GCC_OPTIMIZATION_LEVEL = 0;
				GCC_PREPROCESSOR_DEFINITIONS = (
					"DEBUG=1",
					"$(inherited)",
				);
				GCC_WARN_64_TO_32_BIT_CONVERSION = YES;
				GCC_WARN_ABOUT_RETURN_TYPE = YES_ERROR;
				GCC_WARN_UNDECLARED_SELECTOR = YES;
				GCC_WARN_UNINITIALIZED_AUTOS = YES_AGGRESSIVE;
				GCC_WARN_UNUSED_FUNCTION = YES;
				GCC_WARN_UNUSED_VARIABLE = YES;
				IPHONEOS_DEPLOYMENT_TARGET = 13.6;
				MTL_ENABLE_DEBUG_INFO = INCLUDE_SOURCE;
				MTL_FAST_MATH = YES;
				ONLY_ACTIVE_ARCH = YES;
				SDKROOT = iphoneos;
				SWIFT_ACTIVE_COMPILATION_CONDITIONS = DEBUG;
				SWIFT_OPTIMIZATION_LEVEL = "-Onone";
				VERSIONING_SYSTEM = "apple-generic";
				VERSION_INFO_PREFIX = "";
			};
			name = Debug;
		};
		714B505924E7F18B003C9C47 /* Release */ = {
			isa = XCBuildConfiguration;
			buildSettings = {
				ALWAYS_SEARCH_USER_PATHS = NO;
				CLANG_ANALYZER_NONNULL = YES;
				CLANG_ANALYZER_NUMBER_OBJECT_CONVERSION = YES_AGGRESSIVE;
				CLANG_CXX_LANGUAGE_STANDARD = "gnu++14";
				CLANG_CXX_LIBRARY = "libc++";
				CLANG_ENABLE_MODULES = YES;
				CLANG_ENABLE_OBJC_ARC = YES;
				CLANG_ENABLE_OBJC_WEAK = YES;
				CLANG_WARN_BLOCK_CAPTURE_AUTORELEASING = YES;
				CLANG_WARN_BOOL_CONVERSION = YES;
				CLANG_WARN_COMMA = YES;
				CLANG_WARN_CONSTANT_CONVERSION = YES;
				CLANG_WARN_DEPRECATED_OBJC_IMPLEMENTATIONS = YES;
				CLANG_WARN_DIRECT_OBJC_ISA_USAGE = YES_ERROR;
				CLANG_WARN_DOCUMENTATION_COMMENTS = YES;
				CLANG_WARN_EMPTY_BODY = YES;
				CLANG_WARN_ENUM_CONVERSION = YES;
				CLANG_WARN_INFINITE_RECURSION = YES;
				CLANG_WARN_INT_CONVERSION = YES;
				CLANG_WARN_NON_LITERAL_NULL_CONVERSION = YES;
				CLANG_WARN_OBJC_IMPLICIT_RETAIN_SELF = YES;
				CLANG_WARN_OBJC_LITERAL_CONVERSION = YES;
				CLANG_WARN_OBJC_ROOT_CLASS = YES_ERROR;
				CLANG_WARN_RANGE_LOOP_ANALYSIS = YES;
				CLANG_WARN_STRICT_PROTOTYPES = YES;
				CLANG_WARN_SUSPICIOUS_MOVE = YES;
				CLANG_WARN_UNGUARDED_AVAILABILITY = YES_AGGRESSIVE;
				CLANG_WARN_UNREACHABLE_CODE = YES;
				CLANG_WARN__DUPLICATE_METHOD_MATCH = YES;
				COPY_PHASE_STRIP = NO;
				CURRENT_PROJECT_VERSION = 1;
				DEBUG_INFORMATION_FORMAT = "dwarf-with-dsym";
				ENABLE_NS_ASSERTIONS = NO;
				ENABLE_STRICT_OBJC_MSGSEND = YES;
				GCC_C_LANGUAGE_STANDARD = gnu11;
				GCC_NO_COMMON_BLOCKS = YES;
				GCC_WARN_64_TO_32_BIT_CONVERSION = YES;
				GCC_WARN_ABOUT_RETURN_TYPE = YES_ERROR;
				GCC_WARN_UNDECLARED_SELECTOR = YES;
				GCC_WARN_UNINITIALIZED_AUTOS = YES_AGGRESSIVE;
				GCC_WARN_UNUSED_FUNCTION = YES;
				GCC_WARN_UNUSED_VARIABLE = YES;
				IPHONEOS_DEPLOYMENT_TARGET = 13.6;
				MTL_ENABLE_DEBUG_INFO = NO;
				MTL_FAST_MATH = YES;
				SDKROOT = iphoneos;
				SWIFT_COMPILATION_MODE = wholemodule;
				SWIFT_OPTIMIZATION_LEVEL = "-O";
				VALIDATE_PRODUCT = YES;
				VERSIONING_SYSTEM = "apple-generic";
				VERSION_INFO_PREFIX = "";
			};
			name = Release;
		};
		714B506824E7F59F003C9C47 /* Debug */ = {
			isa = XCBuildConfiguration;
			buildSettings = {
				CLANG_ENABLE_MODULES = YES;
				CODE_SIGN_STYLE = Automatic;
				COMBINE_HIDPI_IMAGES = YES;
				DEFINES_MODULE = YES;
				DEVELOPMENT_TEAM = K9QQM6JSPE;
				DYLIB_COMPATIBILITY_VERSION = 1;
				DYLIB_CURRENT_VERSION = 1;
				DYLIB_INSTALL_NAME_BASE = "@rpath";
				INFOPLIST_FILE = Domain/Info.plist;
				INSTALL_PATH = "$(LOCAL_LIBRARY_DIR)/Frameworks";
				LD_RUNPATH_SEARCH_PATHS = (
					"$(inherited)",
					"@executable_path/../Frameworks",
					"@loader_path/Frameworks",
				);
				MACOSX_DEPLOYMENT_TARGET = 10.15;
				PRODUCT_BUNDLE_IDENTIFIER = vineivel.Domain;
				PRODUCT_NAME = "$(TARGET_NAME:c99extidentifier)";
				SDKROOT = macosx;
				SKIP_INSTALL = YES;
				SUPPORTED_PLATFORMS = "macosx iphonesimulator iphoneos";
				SWIFT_OPTIMIZATION_LEVEL = "-Onone";
				SWIFT_VERSION = 5.0;
			};
			name = Debug;
		};
		714B506924E7F59F003C9C47 /* Release */ = {
			isa = XCBuildConfiguration;
			buildSettings = {
				CLANG_ENABLE_MODULES = YES;
				CODE_SIGN_STYLE = Automatic;
				COMBINE_HIDPI_IMAGES = YES;
				DEFINES_MODULE = YES;
				DEVELOPMENT_TEAM = K9QQM6JSPE;
				DYLIB_COMPATIBILITY_VERSION = 1;
				DYLIB_CURRENT_VERSION = 1;
				DYLIB_INSTALL_NAME_BASE = "@rpath";
				INFOPLIST_FILE = Domain/Info.plist;
				INSTALL_PATH = "$(LOCAL_LIBRARY_DIR)/Frameworks";
				LD_RUNPATH_SEARCH_PATHS = (
					"$(inherited)",
					"@executable_path/../Frameworks",
					"@loader_path/Frameworks",
				);
				MACOSX_DEPLOYMENT_TARGET = 10.15;
				PRODUCT_BUNDLE_IDENTIFIER = vineivel.Domain;
				PRODUCT_NAME = "$(TARGET_NAME:c99extidentifier)";
				SDKROOT = macosx;
				SKIP_INSTALL = YES;
				SUPPORTED_PLATFORMS = "macosx iphonesimulator iphoneos";
				SWIFT_VERSION = 5.0;
			};
			name = Release;
		};
		714B508524E80151003C9C47 /* Debug */ = {
			isa = XCBuildConfiguration;
			buildSettings = {
				CLANG_ENABLE_MODULES = YES;
				CODE_SIGN_STYLE = Automatic;
				COMBINE_HIDPI_IMAGES = YES;
				DEFINES_MODULE = YES;
				DEVELOPMENT_TEAM = K9QQM6JSPE;
				DYLIB_COMPATIBILITY_VERSION = 1;
				DYLIB_CURRENT_VERSION = 1;
				DYLIB_INSTALL_NAME_BASE = "@rpath";
				INFOPLIST_FILE = Data/Info.plist;
				INSTALL_PATH = "$(LOCAL_LIBRARY_DIR)/Frameworks";
				LD_RUNPATH_SEARCH_PATHS = (
					"$(inherited)",
					"@executable_path/../Frameworks",
					"@loader_path/Frameworks",
				);
				MACOSX_DEPLOYMENT_TARGET = 10.15;
				PRODUCT_BUNDLE_IDENTIFIER = vineivel.Data;
				PRODUCT_NAME = "$(TARGET_NAME:c99extidentifier)";
				SDKROOT = macosx;
				SKIP_INSTALL = YES;
				SUPPORTED_PLATFORMS = "macosx iphonesimulator iphoneos";
				SWIFT_OPTIMIZATION_LEVEL = "-Onone";
				SWIFT_VERSION = 5.0;
			};
			name = Debug;
		};
		714B508624E80151003C9C47 /* Release */ = {
			isa = XCBuildConfiguration;
			buildSettings = {
				CLANG_ENABLE_MODULES = YES;
				CODE_SIGN_STYLE = Automatic;
				COMBINE_HIDPI_IMAGES = YES;
				DEFINES_MODULE = YES;
				DEVELOPMENT_TEAM = K9QQM6JSPE;
				DYLIB_COMPATIBILITY_VERSION = 1;
				DYLIB_CURRENT_VERSION = 1;
				DYLIB_INSTALL_NAME_BASE = "@rpath";
				INFOPLIST_FILE = Data/Info.plist;
				INSTALL_PATH = "$(LOCAL_LIBRARY_DIR)/Frameworks";
				LD_RUNPATH_SEARCH_PATHS = (
					"$(inherited)",
					"@executable_path/../Frameworks",
					"@loader_path/Frameworks",
				);
				MACOSX_DEPLOYMENT_TARGET = 10.15;
				PRODUCT_BUNDLE_IDENTIFIER = vineivel.Data;
				PRODUCT_NAME = "$(TARGET_NAME:c99extidentifier)";
				SDKROOT = macosx;
				SKIP_INSTALL = YES;
				SUPPORTED_PLATFORMS = "macosx iphonesimulator iphoneos";
				SWIFT_VERSION = 5.0;
			};
			name = Release;
		};
		714B508824E80151003C9C47 /* Debug */ = {
			isa = XCBuildConfiguration;
			buildSettings = {
				ALWAYS_EMBED_SWIFT_STANDARD_LIBRARIES = YES;
				CODE_SIGN_STYLE = Automatic;
				COMBINE_HIDPI_IMAGES = YES;
				DEVELOPMENT_TEAM = K9QQM6JSPE;
				INFOPLIST_FILE = DataTests/Info.plist;
				LD_RUNPATH_SEARCH_PATHS = (
					"$(inherited)",
					"@executable_path/../Frameworks",
					"@loader_path/../Frameworks",
				);
				MACOSX_DEPLOYMENT_TARGET = 10.15;
				PRODUCT_BUNDLE_IDENTIFIER = vineivel.DataTests;
				PRODUCT_NAME = "$(TARGET_NAME)";
				SDKROOT = macosx;
				SUPPORTED_PLATFORMS = "macosx iphonesimulator iphoneos";
				SWIFT_VERSION = 5.0;
			};
			name = Debug;
		};
		714B508924E80151003C9C47 /* Release */ = {
			isa = XCBuildConfiguration;
			buildSettings = {
				ALWAYS_EMBED_SWIFT_STANDARD_LIBRARIES = YES;
				CODE_SIGN_STYLE = Automatic;
				COMBINE_HIDPI_IMAGES = YES;
				DEVELOPMENT_TEAM = K9QQM6JSPE;
				INFOPLIST_FILE = DataTests/Info.plist;
				LD_RUNPATH_SEARCH_PATHS = (
					"$(inherited)",
					"@executable_path/../Frameworks",
					"@loader_path/../Frameworks",
				);
				MACOSX_DEPLOYMENT_TARGET = 10.15;
				PRODUCT_BUNDLE_IDENTIFIER = vineivel.DataTests;
				PRODUCT_NAME = "$(TARGET_NAME)";
				SDKROOT = macosx;
				SUPPORTED_PLATFORMS = "macosx iphonesimulator iphoneos";
				SWIFT_VERSION = 5.0;
			};
			name = Release;
		};
		719ED88D24EBDF9000BC8318 /* Debug */ = {
			isa = XCBuildConfiguration;
			buildSettings = {
				CLANG_ENABLE_MODULES = YES;
				CODE_SIGN_STYLE = Automatic;
				COMBINE_HIDPI_IMAGES = YES;
				DEFINES_MODULE = YES;
				DEVELOPMENT_TEAM = K9QQM6JSPE;
				DYLIB_COMPATIBILITY_VERSION = 1;
				DYLIB_CURRENT_VERSION = 1;
				DYLIB_INSTALL_NAME_BASE = "@rpath";
				INFOPLIST_FILE = Infra/Info.plist;
				INSTALL_PATH = "$(LOCAL_LIBRARY_DIR)/Frameworks";
				LD_RUNPATH_SEARCH_PATHS = (
					"$(inherited)",
					"@executable_path/../Frameworks",
					"@loader_path/Frameworks",
				);
				MACOSX_DEPLOYMENT_TARGET = 10.15;
				PRODUCT_BUNDLE_IDENTIFIER = vineivel.Infra;
				PRODUCT_NAME = "$(TARGET_NAME:c99extidentifier)";
				SDKROOT = macosx;
				SKIP_INSTALL = YES;
				SUPPORTED_PLATFORMS = "macosx iphonesimulator iphoneos";
				SWIFT_OPTIMIZATION_LEVEL = "-Onone";
				SWIFT_VERSION = 5.0;
			};
			name = Debug;
		};
		719ED88E24EBDF9000BC8318 /* Release */ = {
			isa = XCBuildConfiguration;
			buildSettings = {
				CLANG_ENABLE_MODULES = YES;
				CODE_SIGN_STYLE = Automatic;
				COMBINE_HIDPI_IMAGES = YES;
				DEFINES_MODULE = YES;
				DEVELOPMENT_TEAM = K9QQM6JSPE;
				DYLIB_COMPATIBILITY_VERSION = 1;
				DYLIB_CURRENT_VERSION = 1;
				DYLIB_INSTALL_NAME_BASE = "@rpath";
				INFOPLIST_FILE = Infra/Info.plist;
				INSTALL_PATH = "$(LOCAL_LIBRARY_DIR)/Frameworks";
				LD_RUNPATH_SEARCH_PATHS = (
					"$(inherited)",
					"@executable_path/../Frameworks",
					"@loader_path/Frameworks",
				);
				MACOSX_DEPLOYMENT_TARGET = 10.15;
				PRODUCT_BUNDLE_IDENTIFIER = vineivel.Infra;
				PRODUCT_NAME = "$(TARGET_NAME:c99extidentifier)";
				SDKROOT = macosx;
				SKIP_INSTALL = YES;
				SUPPORTED_PLATFORMS = "macosx iphonesimulator iphoneos";
				SWIFT_VERSION = 5.0;
			};
			name = Release;
		};
		719ED89024EBDF9000BC8318 /* Debug */ = {
			isa = XCBuildConfiguration;
			buildSettings = {
				ALWAYS_EMBED_SWIFT_STANDARD_LIBRARIES = YES;
				CODE_SIGN_STYLE = Automatic;
				COMBINE_HIDPI_IMAGES = YES;
				DEVELOPMENT_TEAM = K9QQM6JSPE;
				INFOPLIST_FILE = InfraTests/Info.plist;
				LD_RUNPATH_SEARCH_PATHS = (
					"$(inherited)",
					"@executable_path/../Frameworks",
					"@loader_path/../Frameworks",
				);
				MACOSX_DEPLOYMENT_TARGET = 10.15;
				PRODUCT_BUNDLE_IDENTIFIER = vineivel.InfraTests;
				PRODUCT_NAME = "$(TARGET_NAME)";
				SDKROOT = macosx;
				SUPPORTED_PLATFORMS = "macosx iphonesimulator iphoneos";
				SWIFT_VERSION = 5.0;
			};
			name = Debug;
		};
		719ED89124EBDF9000BC8318 /* Release */ = {
			isa = XCBuildConfiguration;
			buildSettings = {
				ALWAYS_EMBED_SWIFT_STANDARD_LIBRARIES = YES;
				CODE_SIGN_STYLE = Automatic;
				COMBINE_HIDPI_IMAGES = YES;
				DEVELOPMENT_TEAM = K9QQM6JSPE;
				INFOPLIST_FILE = InfraTests/Info.plist;
				LD_RUNPATH_SEARCH_PATHS = (
					"$(inherited)",
					"@executable_path/../Frameworks",
					"@loader_path/../Frameworks",
				);
				MACOSX_DEPLOYMENT_TARGET = 10.15;
				PRODUCT_BUNDLE_IDENTIFIER = vineivel.InfraTests;
				PRODUCT_NAME = "$(TARGET_NAME)";
				SDKROOT = macosx;
				SUPPORTED_PLATFORMS = "macosx iphonesimulator iphoneos";
				SWIFT_VERSION = 5.0;
			};
			name = Release;
		};
		71DA613C25005B4A009CBB9E /* Debug */ = {
			isa = XCBuildConfiguration;
			buildSettings = {
				CLANG_ENABLE_MODULES = YES;
				CODE_SIGN_STYLE = Automatic;
				COMBINE_HIDPI_IMAGES = YES;
				DEFINES_MODULE = YES;
				DEVELOPMENT_TEAM = K9QQM6JSPE;
				DYLIB_COMPATIBILITY_VERSION = 1;
				DYLIB_CURRENT_VERSION = 1;
				DYLIB_INSTALL_NAME_BASE = "@rpath";
				INFOPLIST_FILE = iOSUi/Info.plist;
				INSTALL_PATH = "$(LOCAL_LIBRARY_DIR)/Frameworks";
				LD_RUNPATH_SEARCH_PATHS = (
					"$(inherited)",
					"@executable_path/../Frameworks",
					"@loader_path/Frameworks",
				);
				MACOSX_DEPLOYMENT_TARGET = 10.15;
				PRODUCT_BUNDLE_IDENTIFIER = br.com.vineivel.iOSUi;
				PRODUCT_NAME = "$(TARGET_NAME:c99extidentifier)";
				SDKROOT = macosx;
				SKIP_INSTALL = YES;
				SUPPORTED_PLATFORMS = "macosx iphonesimulator iphoneos";
				SWIFT_OPTIMIZATION_LEVEL = "-Onone";
				SWIFT_VERSION = 5.0;
			};
			name = Debug;
		};
		71DA613D25005B4A009CBB9E /* Release */ = {
			isa = XCBuildConfiguration;
			buildSettings = {
				CLANG_ENABLE_MODULES = YES;
				CODE_SIGN_STYLE = Automatic;
				COMBINE_HIDPI_IMAGES = YES;
				DEFINES_MODULE = YES;
				DEVELOPMENT_TEAM = K9QQM6JSPE;
				DYLIB_COMPATIBILITY_VERSION = 1;
				DYLIB_CURRENT_VERSION = 1;
				DYLIB_INSTALL_NAME_BASE = "@rpath";
				INFOPLIST_FILE = iOSUi/Info.plist;
				INSTALL_PATH = "$(LOCAL_LIBRARY_DIR)/Frameworks";
				LD_RUNPATH_SEARCH_PATHS = (
					"$(inherited)",
					"@executable_path/../Frameworks",
					"@loader_path/Frameworks",
				);
				MACOSX_DEPLOYMENT_TARGET = 10.15;
				PRODUCT_BUNDLE_IDENTIFIER = br.com.vineivel.iOSUi;
				PRODUCT_NAME = "$(TARGET_NAME:c99extidentifier)";
				SDKROOT = macosx;
				SKIP_INSTALL = YES;
				SUPPORTED_PLATFORMS = "macosx iphonesimulator iphoneos";
				SWIFT_VERSION = 5.0;
			};
			name = Release;
		};
		71DA613F25005B4A009CBB9E /* Debug */ = {
			isa = XCBuildConfiguration;
			buildSettings = {
				ALWAYS_EMBED_SWIFT_STANDARD_LIBRARIES = YES;
				CODE_SIGN_STYLE = Automatic;
				COMBINE_HIDPI_IMAGES = YES;
				DEVELOPMENT_TEAM = K9QQM6JSPE;
				INFOPLIST_FILE = iOSUiTests/Info.plist;
				LD_RUNPATH_SEARCH_PATHS = (
					"$(inherited)",
					"@executable_path/../Frameworks",
					"@loader_path/../Frameworks",
				);
				MACOSX_DEPLOYMENT_TARGET = 10.15;
				PRODUCT_BUNDLE_IDENTIFIER = br.com.vineivel.iOSUiTests;
				PRODUCT_NAME = "$(TARGET_NAME)";
				SDKROOT = macosx;
				SUPPORTED_PLATFORMS = "macosx iphonesimulator iphoneos";
				SWIFT_VERSION = 5.0;
			};
			name = Debug;
		};
		71DA614025005B4A009CBB9E /* Release */ = {
			isa = XCBuildConfiguration;
			buildSettings = {
				ALWAYS_EMBED_SWIFT_STANDARD_LIBRARIES = YES;
				CODE_SIGN_STYLE = Automatic;
				COMBINE_HIDPI_IMAGES = YES;
				DEVELOPMENT_TEAM = K9QQM6JSPE;
				INFOPLIST_FILE = iOSUiTests/Info.plist;
				LD_RUNPATH_SEARCH_PATHS = (
					"$(inherited)",
					"@executable_path/../Frameworks",
					"@loader_path/../Frameworks",
				);
				MACOSX_DEPLOYMENT_TARGET = 10.15;
				PRODUCT_BUNDLE_IDENTIFIER = br.com.vineivel.iOSUiTests;
				PRODUCT_NAME = "$(TARGET_NAME)";
				SDKROOT = macosx;
				SUPPORTED_PLATFORMS = "macosx iphonesimulator iphoneos";
				SWIFT_VERSION = 5.0;
			};
			name = Release;
		};
/* End XCBuildConfiguration section */

/* Begin XCConfigurationList section */
		7103BA9E24F7225C00A352CD /* Build configuration list for PBXNativeTarget "UseCasesIntegrationsTests" */ = {
			isa = XCConfigurationList;
			buildConfigurations = (
				7103BA9F24F7225C00A352CD /* Debug */,
				7103BAA024F7225C00A352CD /* Release */,
			);
			defaultConfigurationIsVisible = 0;
			defaultConfigurationName = Release;
		};
		7103BABF24F7C53900A352CD /* Build configuration list for PBXNativeTarget "Presentation" */ = {
			isa = XCConfigurationList;
			buildConfigurations = (
				7103BABB24F7C53900A352CD /* Debug */,
				7103BABC24F7C53900A352CD /* Release */,
			);
			defaultConfigurationIsVisible = 0;
			defaultConfigurationName = Release;
		};
		7103BAC024F7C53900A352CD /* Build configuration list for PBXNativeTarget "PresentationTests" */ = {
			isa = XCConfigurationList;
			buildConfigurations = (
				7103BABD24F7C53900A352CD /* Debug */,
				7103BABE24F7C53900A352CD /* Release */,
			);
			defaultConfigurationIsVisible = 0;
			defaultConfigurationName = Release;
		};
		714B504C24E7F18B003C9C47 /* Build configuration list for PBXProject "CleanAppCourse" */ = {
			isa = XCConfigurationList;
			buildConfigurations = (
				714B505824E7F18B003C9C47 /* Debug */,
				714B505924E7F18B003C9C47 /* Release */,
			);
			defaultConfigurationIsVisible = 0;
			defaultConfigurationName = Release;
		};
		714B506724E7F59F003C9C47 /* Build configuration list for PBXNativeTarget "Domain" */ = {
			isa = XCConfigurationList;
			buildConfigurations = (
				714B506824E7F59F003C9C47 /* Debug */,
				714B506924E7F59F003C9C47 /* Release */,
			);
			defaultConfigurationIsVisible = 0;
			defaultConfigurationName = Release;
		};
		714B508424E80151003C9C47 /* Build configuration list for PBXNativeTarget "Data" */ = {
			isa = XCConfigurationList;
			buildConfigurations = (
				714B508524E80151003C9C47 /* Debug */,
				714B508624E80151003C9C47 /* Release */,
			);
			defaultConfigurationIsVisible = 0;
			defaultConfigurationName = Release;
		};
		714B508724E80151003C9C47 /* Build configuration list for PBXNativeTarget "DataTests" */ = {
			isa = XCConfigurationList;
			buildConfigurations = (
				714B508824E80151003C9C47 /* Debug */,
				714B508924E80151003C9C47 /* Release */,
			);
			defaultConfigurationIsVisible = 0;
			defaultConfigurationName = Release;
		};
		719ED88C24EBDF9000BC8318 /* Build configuration list for PBXNativeTarget "Infra" */ = {
			isa = XCConfigurationList;
			buildConfigurations = (
				719ED88D24EBDF9000BC8318 /* Debug */,
				719ED88E24EBDF9000BC8318 /* Release */,
			);
			defaultConfigurationIsVisible = 0;
			defaultConfigurationName = Release;
		};
		719ED88F24EBDF9000BC8318 /* Build configuration list for PBXNativeTarget "InfraTests" */ = {
			isa = XCConfigurationList;
			buildConfigurations = (
				719ED89024EBDF9000BC8318 /* Debug */,
				719ED89124EBDF9000BC8318 /* Release */,
			);
			defaultConfigurationIsVisible = 0;
			defaultConfigurationName = Release;
		};
		71DA613B25005B4A009CBB9E /* Build configuration list for PBXNativeTarget "iOSUi" */ = {
			isa = XCConfigurationList;
			buildConfigurations = (
				71DA613C25005B4A009CBB9E /* Debug */,
				71DA613D25005B4A009CBB9E /* Release */,
			);
			defaultConfigurationIsVisible = 0;
			defaultConfigurationName = Release;
		};
		71DA613E25005B4A009CBB9E /* Build configuration list for PBXNativeTarget "iOSUiTests" */ = {
			isa = XCConfigurationList;
			buildConfigurations = (
				71DA613F25005B4A009CBB9E /* Debug */,
				71DA614025005B4A009CBB9E /* Release */,
			);
			defaultConfigurationIsVisible = 0;
			defaultConfigurationName = Release;
		};
/* End XCConfigurationList section */

/* Begin XCRemoteSwiftPackageReference section */
		719ED89824EBE29C00BC8318 /* XCRemoteSwiftPackageReference "Alamofire" */ = {
			isa = XCRemoteSwiftPackageReference;
			repositoryURL = "https://github.com/Alamofire/Alamofire.git";
			requirement = {
				kind = upToNextMajorVersion;
				minimumVersion = 5.2.2;
			};
		};
/* End XCRemoteSwiftPackageReference section */

/* Begin XCSwiftPackageProductDependency section */
		719ED89924EBE29C00BC8318 /* Alamofire */ = {
			isa = XCSwiftPackageProductDependency;
			package = 719ED89824EBE29C00BC8318 /* XCRemoteSwiftPackageReference "Alamofire" */;
			productName = Alamofire;
		};
/* End XCSwiftPackageProductDependency section */
	};
	rootObject = 714B504924E7F18B003C9C47 /* Project object */;
}
